{"format_version":"1.0","provider_schemas":{"registry.terraform.io/confluentinc/confluent":{"provider":{"version":0,"block":{"attributes":{"cloud_api_key":{"type":"string","description":"The Confluent Cloud API Key.","description_kind":"markdown","optional":true,"sensitive":true},"cloud_api_secret":{"type":"string","description":"The Confluent Cloud API Secret.","description_kind":"markdown","optional":true,"sensitive":true},"endpoint":{"type":"string","description":"The base endpoint of Confluent Cloud API. Defaults to `https://api.confluent.cloud`.","description_kind":"markdown","optional":true},"kafka_api_key":{"type":"string","description":"The Kafka Cluster API Key.","description_kind":"markdown","optional":true,"sensitive":true},"kafka_api_secret":{"type":"string","description":"The Kafka Cluster API Secret.","description_kind":"markdown","optional":true,"sensitive":true},"kafka_id":{"type":"string","description":"The Kafka Cluster ID.","description_kind":"markdown","optional":true},"kafka_rest_endpoint":{"type":"string","description":"The Kafka Cluster REST Endpoint.","description_kind":"markdown","optional":true},"max_retries":{"type":"number","description":"Maximum number of retries of HTTP client. Defaults to 4.","description_kind":"markdown","optional":true},"schema_registry_api_key":{"type":"string","description":"The Schema Registry Cluster API Key.","description_kind":"markdown","optional":true,"sensitive":true},"schema_registry_api_secret":{"type":"string","description":"The Schema Registry Cluster API Secret.","description_kind":"markdown","optional":true,"sensitive":true},"schema_registry_id":{"type":"string","description":"The Schema Registry Cluster ID.","description_kind":"markdown","optional":true},"schema_registry_rest_endpoint":{"type":"string","description":"The Schema Registry Cluster REST Endpoint.","description_kind":"markdown","optional":true}},"description_kind":"plain"}},"resource_schemas":{"confluent_api_key":{"version":0,"block":{"attributes":{"description":{"type":"string","description":"A free-form description of the API key.","description_kind":"markdown","optional":true},"disable_wait_for_ready":{"type":"bool","description":"Defaults to `false`.","description_kind":"markdown","optional":true},"display_name":{"type":"string","description":"A human-readable name for the API key.","description_kind":"markdown","optional":true},"id":{"type":"string","description_kind":"plain","optional":true,"computed":true},"secret":{"type":"string","description":"The API Key Secret.","description_kind":"markdown","computed":true,"sensitive":true}},"block_types":{"managed_resource":{"nesting_mode":"list","block":{"attributes":{"api_version":{"type":"string","description":"The API version of the referred owner.","description_kind":"markdown","required":true},"id":{"type":"string","description":"The unique identifier for the referred resource.","description_kind":"markdown","required":true},"kind":{"type":"string","description":"The kind of the referred resource.","description_kind":"markdown","required":true}},"block_types":{"environment":{"nesting_mode":"list","block":{"attributes":{"id":{"type":"string","description":"The unique identifier for the environment.","description_kind":"markdown","required":true}},"description":"Environment objects represent an isolated namespace for your Confluent resources for organizational purposes.","description_kind":"markdown"},"min_items":1,"max_items":1}},"description":"The resource associated with this object. The only resource that is supported is 'cmk.v2.Cluster', 'srcm.v2.Cluster'.","description_kind":"markdown"},"max_items":1},"owner":{"nesting_mode":"list","block":{"attributes":{"api_version":{"type":"string","description":"The API version of the referred owner.","description_kind":"markdown","required":true},"id":{"type":"string","description":"The unique identifier for the referred owner.","description_kind":"markdown","required":true},"kind":{"type":"string","description":"The kind of the referred owner.","description_kind":"markdown","required":true}},"description":"The owner to which the API Key belongs. The owner can be one of 'iam.v2.User', 'iam.v2.ServiceAccount'.","description_kind":"markdown"},"min_items":1,"max_items":1}},"description_kind":"plain"}},"confluent_business_metadata":{"version":0,"block":{"attributes":{"description":{"type":"string","description":"The description of the Business Metadata to be created.","description_kind":"markdown","optional":true},"id":{"type":"string","description_kind":"plain","optional":true,"computed":true},"name":{"type":"string","description":"The name of the Business Metadata to be created.","description_kind":"markdown","required":true},"rest_endpoint":{"type":"string","description":"The REST endpoint of the Schema Registry cluster, for example, `https://psrc-00000.us-central1.gcp.confluent.cloud:443`).","description_kind":"markdown","optional":true},"version":{"type":"number","description":"The version.","description_kind":"markdown","computed":true}},"block_types":{"attribute_definition":{"nesting_mode":"set","block":{"attributes":{"default_value":{"type":"string","description_kind":"plain","optional":true,"computed":true},"description":{"type":"string","description_kind":"plain","optional":true,"computed":true},"is_optional":{"type":"bool","description_kind":"plain","optional":true,"computed":true},"name":{"type":"string","description_kind":"plain","required":true},"options":{"type":["map","string"],"description_kind":"plain","computed":true},"type":{"type":"string","description_kind":"plain","computed":true}},"description_kind":"plain"}},"credentials":{"nesting_mode":"list","block":{"attributes":{"key":{"type":"string","description":"The Cluster API Key for your Confluent Cloud cluster.","description_kind":"markdown","required":true,"sensitive":true},"secret":{"type":"string","description":"The Cluster API Secret for your Confluent Cloud cluster.","description_kind":"markdown","required":true,"sensitive":true}},"description":"The Cluster API Credentials.","description_kind":"markdown"},"max_items":1},"schema_registry_cluster":{"nesting_mode":"list","block":{"attributes":{"id":{"type":"string","description":"The Schema Registry cluster ID (e.g., `lsrc-abc123`).","description_kind":"markdown","required":true}},"description_kind":"plain"},"max_items":1}},"description_kind":"plain"}},"confluent_business_metadata_binding":{"version":0,"block":{"attributes":{"attributes":{"type":["map","string"],"description":"The attributes.","description_kind":"markdown","optional":true,"computed":true},"business_metadata_name":{"type":"string","description":"The name of the business metadata to be applied.","description_kind":"markdown","required":true},"entity_name":{"type":"string","description":"The qualified name of the entity.","description_kind":"markdown","required":true},"entity_type":{"type":"string","description":"The entity type.","description_kind":"markdown","required":true},"id":{"type":"string","description_kind":"plain","optional":true,"computed":true},"rest_endpoint":{"type":"string","description":"The REST endpoint of the Schema Registry cluster, for example, `https://psrc-00000.us-central1.gcp.confluent.cloud:443`).","description_kind":"markdown","optional":true}},"block_types":{"credentials":{"nesting_mode":"list","block":{"attributes":{"key":{"type":"string","description":"The Cluster API Key for your Confluent Cloud cluster.","description_kind":"markdown","required":true,"sensitive":true},"secret":{"type":"string","description":"The Cluster API Secret for your Confluent Cloud cluster.","description_kind":"markdown","required":true,"sensitive":true}},"description":"The Cluster API Credentials.","description_kind":"markdown"},"max_items":1},"schema_registry_cluster":{"nesting_mode":"list","block":{"attributes":{"id":{"type":"string","description":"The Schema Registry cluster ID (e.g., `lsrc-abc123`).","description_kind":"markdown","required":true}},"description_kind":"plain"},"max_items":1}},"description_kind":"plain"}},"confluent_byok_key":{"version":0,"block":{"attributes":{"id":{"type":"string","description_kind":"plain","optional":true,"computed":true}},"block_types":{"aws":{"nesting_mode":"list","block":{"attributes":{"key_arn":{"type":"string","description_kind":"plain","required":true},"roles":{"type":["set","string"],"description_kind":"plain","computed":true}},"description_kind":"plain"},"max_items":1},"azure":{"nesting_mode":"list","block":{"attributes":{"application_id":{"type":"string","description_kind":"plain","computed":true},"key_identifier":{"type":"string","description_kind":"plain","required":true},"key_vault_id":{"type":"string","description_kind":"plain","required":true},"tenant_id":{"type":"string","description_kind":"plain","required":true}},"description_kind":"plain"},"max_items":1}},"description_kind":"plain"}},"confluent_cluster_link":{"version":0,"block":{"attributes":{"config":{"type":["map","string"],"description":"The custom cluster link settings to set (e.g., `\"acl.sync.ms\" = \"5100\"`).","description_kind":"markdown","optional":true,"computed":true},"connection_mode":{"type":"string","description":"The connection mode of the Cluster Link. Defaults to `OUTBOUND`.","description_kind":"markdown","optional":true},"id":{"type":"string","description_kind":"plain","optional":true,"computed":true},"link_mode":{"type":"string","description":"The mode of the Cluster Link. Defaults to `DESTINATION`.","description_kind":"markdown","optional":true},"link_name":{"type":"string","description":"The name of the Cluster Link.","description_kind":"markdown","required":true}},"block_types":{"destination_kafka_cluster":{"nesting_mode":"list","block":{"attributes":{"bootstrap_endpoint":{"type":"string","description":"The bootstrap endpoint used by Kafka clients to connect to the Kafka cluster. (e.g., `SASL_SSL://pkc-00000.us-central1.gcp.confluent.cloud:9092` or pkc-00000.us-central1.gcp.confluent.cloud:9092`).","description_kind":"markdown","optional":true},"id":{"type":"string","description":"The unique identifier for the referred Kafka cluster.","description_kind":"markdown","required":true},"rest_endpoint":{"type":"string","description":"The REST endpoint of the Kafka cluster (e.g., `https://pkc-00000.us-central1.gcp.confluent.cloud:443`).","description_kind":"markdown","optional":true}},"block_types":{"credentials":{"nesting_mode":"list","block":{"attributes":{"key":{"type":"string","description":"The Kafka API Key for your Confluent Cloud cluster.","description_kind":"markdown","required":true,"sensitive":true},"secret":{"type":"string","description":"The Kafka API Secret for your Confluent Cloud cluster.","description_kind":"markdown","required":true,"sensitive":true}},"description":"The Kafka API Credentials.","description_kind":"markdown"},"max_items":1}},"description_kind":"plain"},"max_items":1},"local_kafka_cluster":{"nesting_mode":"list","block":{"attributes":{"bootstrap_endpoint":{"type":"string","description":"The bootstrap endpoint used by Kafka clients to connect to the Kafka cluster. (e.g., `SASL_SSL://pkc-00000.us-central1.gcp.confluent.cloud:9092` or pkc-00000.us-central1.gcp.confluent.cloud:9092`).","description_kind":"markdown","optional":true},"id":{"type":"string","description":"The unique identifier for the referred Kafka cluster.","description_kind":"markdown","required":true},"rest_endpoint":{"type":"string","description":"The REST endpoint of the Kafka cluster (e.g., `https://pkc-00000.us-central1.gcp.confluent.cloud:443`).","description_kind":"markdown","optional":true}},"block_types":{"credentials":{"nesting_mode":"list","block":{"attributes":{"key":{"type":"string","description":"The Kafka API Key for your Confluent Cloud cluster.","description_kind":"markdown","required":true,"sensitive":true},"secret":{"type":"string","description":"The Kafka API Secret for your Confluent Cloud cluster.","description_kind":"markdown","required":true,"sensitive":true}},"description":"The Kafka API Credentials.","description_kind":"markdown"},"max_items":1}},"description_kind":"plain"},"max_items":1},"remote_kafka_cluster":{"nesting_mode":"list","block":{"attributes":{"bootstrap_endpoint":{"type":"string","description":"The bootstrap endpoint used by Kafka clients to connect to the Kafka cluster. (e.g., `SASL_SSL://pkc-00000.us-central1.gcp.confluent.cloud:9092` or pkc-00000.us-central1.gcp.confluent.cloud:9092`).","description_kind":"markdown","optional":true},"id":{"type":"string","description":"The unique identifier for the referred Kafka cluster.","description_kind":"markdown","required":true},"rest_endpoint":{"type":"string","description":"The REST endpoint of the Kafka cluster (e.g., `https://pkc-00000.us-central1.gcp.confluent.cloud:443`).","description_kind":"markdown","optional":true}},"block_types":{"credentials":{"nesting_mode":"list","block":{"attributes":{"key":{"type":"string","description":"The Kafka API Key for your Confluent Cloud cluster.","description_kind":"markdown","required":true,"sensitive":true},"secret":{"type":"string","description":"The Kafka API Secret for your Confluent Cloud cluster.","description_kind":"markdown","required":true,"sensitive":true}},"description":"The Kafka API Credentials.","description_kind":"markdown"},"max_items":1}},"description_kind":"plain"},"max_items":1},"source_kafka_cluster":{"nesting_mode":"list","block":{"attributes":{"bootstrap_endpoint":{"type":"string","description":"The bootstrap endpoint used by Kafka clients to connect to the Kafka cluster. (e.g., `SASL_SSL://pkc-00000.us-central1.gcp.confluent.cloud:9092` or pkc-00000.us-central1.gcp.confluent.cloud:9092`).","description_kind":"markdown","optional":true},"id":{"type":"string","description":"The unique identifier for the referred Kafka cluster.","description_kind":"markdown","required":true},"rest_endpoint":{"type":"string","description":"The REST endpoint of the Kafka cluster (e.g., `https://pkc-00000.us-central1.gcp.confluent.cloud:443`).","description_kind":"markdown","optional":true}},"block_types":{"credentials":{"nesting_mode":"list","block":{"attributes":{"key":{"type":"string","description":"The Kafka API Key for your Confluent Cloud cluster.","description_kind":"markdown","required":true,"sensitive":true},"secret":{"type":"string","description":"The Kafka API Secret for your Confluent Cloud cluster.","description_kind":"markdown","required":true,"sensitive":true}},"description":"The Kafka API Credentials.","description_kind":"markdown"},"max_items":1}},"description_kind":"plain"},"max_items":1}},"description_kind":"plain"}},"confluent_connector":{"version":0,"block":{"attributes":{"config_nonsensitive":{"type":["map","string"],"description":"The nonsensitive configuration settings to set (e.g., `\"time.interval\" = \"DAILY\"`).","description_kind":"markdown","required":true},"config_sensitive":{"type":["map","string"],"description":"The sensitive configuration settings to set (e.g., `\"gcs.credentials.config\" = \"**REDACTED***\"`). Should not be set for an import operation.","description_kind":"markdown","optional":true,"computed":true,"sensitive":true},"id":{"type":"string","description_kind":"plain","optional":true,"computed":true},"status":{"type":"string","description_kind":"plain","optional":true,"computed":true}},"block_types":{"environment":{"nesting_mode":"list","block":{"attributes":{"id":{"type":"string","description":"The unique identifier for the environment.","description_kind":"markdown","required":true}},"description":"Environment objects represent an isolated namespace for your Confluent resources for organizational purposes.","description_kind":"markdown"},"min_items":1,"max_items":1},"kafka_cluster":{"nesting_mode":"list","block":{"attributes":{"id":{"type":"string","description":"The Kafka cluster ID (e.g., `lkc-12345`).","description_kind":"markdown","required":true}},"description_kind":"plain"},"min_items":1,"max_items":1},"timeouts":{"nesting_mode":"single","block":{"attributes":{"create":{"type":"string","description_kind":"plain","optional":true}},"description_kind":"plain"}}},"description_kind":"plain"}},"confluent_custom_connector_plugin":{"version":0,"block":{"attributes":{"connector_class":{"type":"string","description":"Java class or alias for connector. You can get connector class from connector documentation provided by developer.","description_kind":"markdown","required":true},"connector_type":{"type":"string","description":"Custom Connector type.","description_kind":"markdown","required":true},"description":{"type":"string","description":"A free-form description of the Custom Connector Plugin.","description_kind":"markdown","optional":true},"display_name":{"type":"string","description":"A human-readable name for the Custom Connector Plugin.","description_kind":"markdown","required":true},"documentation_link":{"type":"string","description":"A documentation link of the Custom Connector Plugin.","description_kind":"markdown","optional":true},"filename":{"type":"string","description":"The path to the file that will be created.","description_kind":"markdown","required":true},"id":{"type":"string","description_kind":"plain","optional":true,"computed":true},"sensitive_config_properties":{"type":["list","string"],"description":"A list of sensitive properties where a sensitive property is a connector configuration property that must be hidden after a user enters property value when setting up connector.","description_kind":"markdown","optional":true}},"description_kind":"plain"}},"confluent_environment":{"version":0,"block":{"attributes":{"display_name":{"type":"string","description":"A human-readable name for the Environment.","description_kind":"markdown","required":true},"id":{"type":"string","description_kind":"plain","optional":true,"computed":true},"resource_name":{"type":"string","description":"The Confluent Resource Name of the Environment.","description_kind":"markdown","computed":true}},"description_kind":"plain"}},"confluent_flink_compute_pool":{"version":0,"block":{"attributes":{"api_version":{"type":"string","description_kind":"plain","computed":true},"cloud":{"type":"string","description":"The cloud service provider that runs the compute pool.","description_kind":"markdown","required":true},"current_cfu":{"type":"number","description":"The number of Confluent Flink Units (CFUs) currently allocated to this Flink compute pool.","description_kind":"markdown","computed":true},"display_name":{"type":"string","description":"The name of the Flink compute pool.","description_kind":"markdown","required":true},"id":{"type":"string","description_kind":"plain","optional":true,"computed":true},"kind":{"type":"string","description_kind":"plain","computed":true},"max_cfu":{"type":"number","description":"Maximum number of Confluent Flink Units (CFUs) that the Flink compute pool should auto-scale to.","description_kind":"markdown","optional":true,"computed":true},"region":{"type":"string","description":"The cloud service provider region that hosts the Flink compute pool.","description_kind":"markdown","required":true},"resource_name":{"type":"string","description":"The Confluent Resource Name of the Flink compute pool.","description_kind":"markdown","computed":true},"rest_endpoint":{"type":"string","description":"The API endpoint of the ksqlDB cluster.","description_kind":"markdown","computed":true}},"block_types":{"environment":{"nesting_mode":"list","block":{"attributes":{"id":{"type":"string","description":"The unique identifier for the environment.","description_kind":"markdown","required":true}},"description":"Environment objects represent an isolated namespace for your Confluent resources for organizational purposes.","description_kind":"markdown"},"min_items":1,"max_items":1},"timeouts":{"nesting_mode":"single","block":{"attributes":{"create":{"type":"string","description_kind":"plain","optional":true},"delete":{"type":"string","description_kind":"plain","optional":true}},"description_kind":"plain"}}},"description_kind":"plain"}},"confluent_identity_pool":{"version":0,"block":{"attributes":{"description":{"type":"string","description":"A description of the Identity Pool.","description_kind":"markdown","required":true},"display_name":{"type":"string","description":"A name for the Identity Pool.","description_kind":"markdown","required":true},"filter":{"type":"string","description":"A filter expression that must be evaluated to be true to use this identity pool.","description_kind":"markdown","required":true},"id":{"type":"string","description_kind":"plain","optional":true,"computed":true},"identity_claim":{"type":"string","description":"A JWT claim to extract the authenticating principal to Confluent resources.","description_kind":"markdown","required":true}},"block_types":{"identity_provider":{"nesting_mode":"list","block":{"attributes":{"id":{"type":"string","description":"The unique identifier for the Identity Provider.","description_kind":"markdown","required":true}},"description":"Identity Provider objects represent external OAuth/OpenID Connect providers within Confluent Cloud.","description_kind":"markdown"},"min_items":1,"max_items":1}},"description_kind":"plain"}},"confluent_identity_provider":{"version":0,"block":{"attributes":{"description":{"type":"string","description":"A description of the Identity Provider.","description_kind":"markdown","required":true},"display_name":{"type":"string","description":"A name for the Identity Provider.","description_kind":"markdown","required":true},"id":{"type":"string","description_kind":"plain","optional":true,"computed":true},"issuer":{"type":"string","description":"A publicly reachable issuer URI for the Identity Provider.","description_kind":"markdown","required":true},"jwks_uri":{"type":"string","description":"A publicly reachable JWKS URI for the Identity Provider.","description_kind":"markdown","required":true}},"description_kind":"plain"}},"confluent_invitation":{"version":0,"block":{"attributes":{"accepted_at":{"type":"string","description_kind":"plain","computed":true},"auth_type":{"type":"string","description_kind":"plain","optional":true,"computed":true},"creator":{"type":["list",["object",{"id":"string"}]],"description_kind":"plain","computed":true},"email":{"type":"string","description_kind":"plain","required":true},"expires_at":{"type":"string","description_kind":"plain","computed":true},"id":{"type":"string","description_kind":"plain","optional":true,"computed":true},"status":{"type":"string","description_kind":"plain","computed":true},"user":{"type":["list",["object",{"id":"string"}]],"description_kind":"plain","computed":true}},"description_kind":"plain"}},"confluent_kafka_acl":{"version":2,"block":{"attributes":{"host":{"type":"string","description":"The host for the ACL.","description_kind":"markdown","required":true},"id":{"type":"string","description_kind":"plain","optional":true,"computed":true},"operation":{"type":"string","description":"The operation type for the ACL.","description_kind":"markdown","required":true},"pattern_type":{"type":"string","description":"The pattern type for the ACL.","description_kind":"markdown","required":true},"permission":{"type":"string","description":"The permission for the ACL.","description_kind":"markdown","required":true},"principal":{"type":"string","description":"The principal for the ACL.","description_kind":"markdown","required":true},"resource_name":{"type":"string","description":"The resource name for the ACL.","description_kind":"markdown","required":true},"resource_type":{"type":"string","description":"The type of the resource.","description_kind":"markdown","required":true},"rest_endpoint":{"type":"string","description":"The REST endpoint of the Kafka cluster (e.g., `https://pkc-00000.us-central1.gcp.confluent.cloud:443`).","description_kind":"markdown","optional":true}},"block_types":{"credentials":{"nesting_mode":"list","block":{"attributes":{"key":{"type":"string","description":"The Cluster API Key for your Confluent Cloud cluster.","description_kind":"markdown","required":true,"sensitive":true},"secret":{"type":"string","description":"The Cluster API Secret for your Confluent Cloud cluster.","description_kind":"markdown","required":true,"sensitive":true}},"description":"The Cluster API Credentials.","description_kind":"markdown"},"max_items":1},"kafka_cluster":{"nesting_mode":"list","block":{"attributes":{"id":{"type":"string","description":"The Kafka cluster ID (e.g., `lkc-12345`).","description_kind":"markdown","required":true}},"description_kind":"plain"},"max_items":1}},"description_kind":"plain"}},"confluent_kafka_client_quota":{"version":0,"block":{"attributes":{"description":{"type":"string","description":"A description of the Kafka Client Quota.","description_kind":"markdown","optional":true},"display_name":{"type":"string","description":"The name of the Kafka Client Quota.","description_kind":"markdown","required":true},"id":{"type":"string","description_kind":"plain","optional":true,"computed":true},"principals":{"type":["set","string"],"description":"A list of service accounts and identity pools. Special name \"default\" can be used to represent the default quota for all users and service accounts.","description_kind":"markdown","required":true}},"block_types":{"environment":{"nesting_mode":"list","block":{"attributes":{"id":{"type":"string","description":"The unique identifier for the environment.","description_kind":"markdown","required":true}},"description":"Environment objects represent an isolated namespace for your Confluent resources for organizational purposes.","description_kind":"markdown"},"min_items":1,"max_items":1},"kafka_cluster":{"nesting_mode":"list","block":{"attributes":{"id":{"type":"string","description":"The Kafka cluster ID (e.g., `lkc-12345`).","description_kind":"markdown","required":true}},"description_kind":"plain"},"min_items":1,"max_items":1},"throughput":{"nesting_mode":"list","block":{"attributes":{"egress_byte_rate":{"type":"string","description":"The egress throughput limit in bytes per second.","description_kind":"markdown","required":true},"ingress_byte_rate":{"type":"string","description":"The ingress throughput limit in bytes per second.","description_kind":"markdown","required":true}},"description":"Block for representing a Kafka Quota.","description_kind":"markdown"},"min_items":1,"max_items":1}},"description_kind":"plain"}},"confluent_kafka_cluster":{"version":1,"block":{"attributes":{"api_version":{"type":"string","description":"API Version defines the schema version of this representation of a Kafka cluster.","description_kind":"markdown","computed":true},"availability":{"type":"string","description":"The availability zone configuration of the Kafka cluster.","description_kind":"markdown","required":true},"bootstrap_endpoint":{"type":"string","description":"The bootstrap endpoint used by Kafka clients to connect to the Kafka cluster.","description_kind":"markdown","computed":true},"cloud":{"type":"string","description":"The cloud service provider that runs the Kafka cluster.","description_kind":"markdown","required":true},"display_name":{"type":"string","description":"The name of the Kafka cluster.","description_kind":"markdown","required":true},"id":{"type":"string","description_kind":"plain","optional":true,"computed":true},"kind":{"type":"string","description":"Kind defines the object Kafka cluster represents.","description_kind":"markdown","computed":true},"rbac_crn":{"type":"string","description":"The Confluent Resource Name of the Kafka cluster suitable for confluent_role_binding's crn_pattern.","description_kind":"markdown","computed":true},"region":{"type":"string","description":"The cloud service provider region where the Kafka cluster is running.","description_kind":"markdown","required":true},"rest_endpoint":{"type":"string","description":"The REST endpoint of the Kafka cluster.","description_kind":"markdown","computed":true}},"block_types":{"basic":{"nesting_mode":"list","block":{"description_kind":"plain"}},"byok_key":{"nesting_mode":"list","block":{"attributes":{"id":{"type":"string","description":"The ID of the Confluent key that is used to encrypt the data in the Kafka cluster.","description_kind":"markdown","required":true}},"description_kind":"plain"},"max_items":1},"dedicated":{"nesting_mode":"list","block":{"attributes":{"cku":{"type":"number","description":"The number of Confluent Kafka Units (CKUs) for Dedicated cluster types. MULTI_ZONE dedicated clusters must have at least two CKUs.","description_kind":"markdown","required":true},"encryption_key":{"type":"string","description":"The ID of the encryption key that is used to encrypt the data in the Kafka cluster.","description_kind":"markdown","optional":true},"zones":{"type":["list","string"],"description":"The list of zones the cluster is in.","description_kind":"markdown","computed":true}},"description_kind":"plain"},"max_items":1},"enterprise":{"nesting_mode":"list","block":{"description_kind":"plain"}},"environment":{"nesting_mode":"list","block":{"attributes":{"id":{"type":"string","description":"The unique identifier for the environment.","description_kind":"markdown","required":true}},"description":"Environment objects represent an isolated namespace for your Confluent resources for organizational purposes.","description_kind":"markdown"},"min_items":1,"max_items":1},"network":{"nesting_mode":"list","block":{"attributes":{"id":{"type":"string","description":"The unique identifier for the network.","description_kind":"markdown","required":true}},"description":"Network represents a network (VPC) in Confluent Cloud. All Networks exist within Confluent-managed cloud provider accounts.","description_kind":"markdown"},"max_items":1},"standard":{"nesting_mode":"list","block":{"description_kind":"plain"}},"timeouts":{"nesting_mode":"single","block":{"attributes":{"create":{"type":"string","description_kind":"plain","optional":true},"update":{"type":"string","description_kind":"plain","optional":true}},"description_kind":"plain"}}},"description_kind":"plain"}},"confluent_kafka_cluster_config":{"version":0,"block":{"attributes":{"config":{"type":["map","string"],"description":"The custom cluster settings to set (e.g., `\"num.partitions\" = \"8\"`).","description_kind":"markdown","required":true},"id":{"type":"string","description_kind":"plain","optional":true,"computed":true},"rest_endpoint":{"type":"string","description":"The REST endpoint of the Kafka cluster (e.g., `https://pkc-00000.us-central1.gcp.confluent.cloud:443`).","description_kind":"markdown","optional":true}},"block_types":{"credentials":{"nesting_mode":"list","block":{"attributes":{"key":{"type":"string","description":"The Cluster API Key for your Confluent Cloud cluster.","description_kind":"markdown","required":true,"sensitive":true},"secret":{"type":"string","description":"The Cluster API Secret for your Confluent Cloud cluster.","description_kind":"markdown","required":true,"sensitive":true}},"description":"The Cluster API Credentials.","description_kind":"markdown"},"max_items":1},"kafka_cluster":{"nesting_mode":"list","block":{"attributes":{"id":{"type":"string","description":"The Kafka cluster ID (e.g., `lkc-12345`).","description_kind":"markdown","required":true}},"description_kind":"plain"},"max_items":1}},"description_kind":"plain"}},"confluent_kafka_mirror_topic":{"version":0,"block":{"attributes":{"id":{"type":"string","description_kind":"plain","optional":true,"computed":true},"mirror_topic_name":{"type":"string","description":"Name of the topic to be mirrored over the Kafka Mirror Topic, i.e. the source topic's name. Only required when there is a prefix configured on the link.","description_kind":"markdown","optional":true,"computed":true},"status":{"type":"string","description_kind":"plain","optional":true,"computed":true}},"block_types":{"cluster_link":{"nesting_mode":"list","block":{"attributes":{"link_name":{"type":"string","description":"The name of the Cluster Link.","description_kind":"markdown","required":true}},"description_kind":"plain"},"min_items":1,"max_items":1},"kafka_cluster":{"nesting_mode":"list","block":{"attributes":{"id":{"type":"string","description":"The unique identifier for the referred Kafka cluster.","description_kind":"markdown","required":true},"rest_endpoint":{"type":"string","description":"The REST endpoint of the Kafka cluster (e.g., `https://pkc-00000.us-central1.gcp.confluent.cloud:443`).","description_kind":"markdown","optional":true}},"block_types":{"credentials":{"nesting_mode":"list","block":{"attributes":{"key":{"type":"string","description":"The Kafka API Key for your Confluent Cloud cluster.","description_kind":"markdown","required":true,"sensitive":true},"secret":{"type":"string","description":"The Kafka API Secret for your Confluent Cloud cluster.","description_kind":"markdown","required":true,"sensitive":true}},"description":"The Kafka API Credentials.","description_kind":"markdown"},"max_items":1}},"description_kind":"plain"},"min_items":1,"max_items":1},"source_kafka_topic":{"nesting_mode":"list","block":{"attributes":{"topic_name":{"type":"string","description":"The name of the Source Kafka topic.","description_kind":"markdown","required":true}},"description_kind":"plain"},"min_items":1,"max_items":1}},"description_kind":"plain"}},"confluent_kafka_topic":{"version":2,"block":{"attributes":{"config":{"type":["map","string"],"description":"The custom topic settings to set (e.g., `\"cleanup.policy\" = \"compact\"`).","description_kind":"markdown","optional":true,"computed":true},"id":{"type":"string","description_kind":"plain","optional":true,"computed":true},"partitions_count":{"type":"number","description":"The number of partitions to create in the topic. Defaults to `6`.","description_kind":"markdown","optional":true},"rest_endpoint":{"type":"string","description":"The REST endpoint of the Kafka cluster (e.g., `https://pkc-00000.us-central1.gcp.confluent.cloud:443`).","description_kind":"markdown","optional":true},"topic_name":{"type":"string","description":"The name of the topic, for example, `orders-1`.","description_kind":"markdown","required":true}},"block_types":{"credentials":{"nesting_mode":"list","block":{"attributes":{"key":{"type":"string","description":"The Cluster API Key for your Confluent Cloud cluster.","description_kind":"markdown","required":true,"sensitive":true},"secret":{"type":"string","description":"The Cluster API Secret for your Confluent Cloud cluster.","description_kind":"markdown","required":true,"sensitive":true}},"description":"The Cluster API Credentials.","description_kind":"markdown"},"max_items":1},"kafka_cluster":{"nesting_mode":"list","block":{"attributes":{"id":{"type":"string","description":"The Kafka cluster ID (e.g., `lkc-12345`).","description_kind":"markdown","required":true}},"description_kind":"plain"},"max_items":1}},"description_kind":"plain"}},"confluent_ksql_cluster":{"version":0,"block":{"attributes":{"api_version":{"type":"string","description_kind":"plain","computed":true},"csu":{"type":"number","description":"The number of Confluent Streaming Units (CSUs) for the ksqlDB cluster.","description_kind":"markdown","required":true},"display_name":{"type":"string","description":"The name of the ksqlDB cluster.","description_kind":"markdown","required":true},"id":{"type":"string","description_kind":"plain","optional":true,"computed":true},"kind":{"type":"string","description_kind":"plain","computed":true},"resource_name":{"type":"string","description":"The Confluent Resource Name of the ksqlDB cluster.","description_kind":"markdown","computed":true},"rest_endpoint":{"type":"string","description":"The API endpoint of the ksqlDB cluster.","description_kind":"markdown","computed":true},"storage":{"type":"number","description":"The amount of storage (in GB) provisioned to the ksqlDB cluster.","description_kind":"markdown","computed":true},"topic_prefix":{"type":"string","description":"Topic name prefix used by this ksqlDB cluster. Used to assign ACLs for this ksqlDB cluster to use.","description_kind":"markdown","computed":true},"use_detailed_processing_log":{"type":"bool","description":"Controls whether the row data should be included in the processing log topic. Set it to `false` if you don't want to emit sensitive information to the processing log. Defaults to `true`. Defaults to `true`.","description_kind":"markdown","optional":true}},"block_types":{"credential_identity":{"nesting_mode":"list","block":{"attributes":{"id":{"type":"string","description":"The credential_identity to which this belongs. The credential_identity can be one of iam.v2.User, iam.v2.ServiceAccount.","description_kind":"markdown","required":true}},"description_kind":"plain"},"min_items":1,"max_items":1},"environment":{"nesting_mode":"list","block":{"attributes":{"id":{"type":"string","description":"The unique identifier for the environment.","description_kind":"markdown","required":true}},"description":"Environment objects represent an isolated namespace for your Confluent resources for organizational purposes.","description_kind":"markdown"},"min_items":1,"max_items":1},"kafka_cluster":{"nesting_mode":"list","block":{"attributes":{"id":{"type":"string","description":"The Kafka cluster ID (e.g., `lkc-12345`).","description_kind":"markdown","required":true}},"description_kind":"plain"},"min_items":1,"max_items":1},"timeouts":{"nesting_mode":"single","block":{"attributes":{"create":{"type":"string","description_kind":"plain","optional":true}},"description_kind":"plain"}}},"description_kind":"plain"}},"confluent_network":{"version":0,"block":{"attributes":{"cidr":{"type":"string","description":"The IPv4 CIDR block to used for this network. Must be /16. Required for VPC peering and AWS TransitGateway.","description_kind":"markdown","optional":true,"computed":true},"cloud":{"type":"string","description":"The cloud service provider in which the network exists.","description_kind":"markdown","required":true},"connection_types":{"type":["list","string"],"description_kind":"plain","required":true},"display_name":{"type":"string","description":"The name of the Network.","description_kind":"markdown","optional":true,"computed":true},"dns_domain":{"type":"string","description":"The root DNS domain for the network if applicable. Present on networks that support PrivateLink.","description_kind":"markdown","computed":true},"id":{"type":"string","description_kind":"plain","optional":true,"computed":true},"region":{"type":"string","description":"The cloud service provider region where the network exists.","description_kind":"markdown","required":true},"reserved_cidr":{"type":"string","description":"The IPv4 CIDR block reserved for Confluent Cloud Network. Must be /24. If not specified, Confluent Cloud Network uses 172.20.255.0/24","description_kind":"markdown","optional":true,"computed":true},"resource_name":{"type":"string","description":"The Confluent Resource Name of the Network.","description_kind":"markdown","computed":true},"zonal_subdomains":{"type":["map","string"],"description":"The DNS subdomain for each zone. Present on networks that support PrivateLink. Keys are zones and values are DNS domains.","description_kind":"markdown","computed":true},"zones":{"type":["list","string"],"description":"The 3 availability zones for this network. They can optionally be specified for only AWS networks used with PrivateLink. Otherwise, they are automatically chosen by Confluent Cloud.","description_kind":"markdown","optional":true,"computed":true}},"block_types":{"aws":{"nesting_mode":"list","block":{"attributes":{"account":{"type":"string","description":"The AWS account ID associated with the Confluent Cloud VPC.","description_kind":"markdown","computed":true},"private_link_endpoint_service":{"type":"string","description":"The endpoint service of the Confluent Cloud VPC (used for PrivateLink) if available.","description_kind":"markdown","computed":true},"vpc":{"type":"string","description":"The Confluent Cloud VPC ID.","description_kind":"markdown","computed":true}},"description_kind":"plain"}},"azure":{"nesting_mode":"list","block":{"attributes":{"private_link_service_aliases":{"type":["map","string"],"description_kind":"plain","computed":true}},"description_kind":"plain"}},"dns_config":{"nesting_mode":"list","block":{"attributes":{"resolution":{"type":"string","description":"Network DNS resolution.","description_kind":"markdown","required":true}},"description":"Network DNS config. It applies only to the PRIVATELINK network connection type.","description_kind":"markdown"},"max_items":1},"environment":{"nesting_mode":"list","block":{"attributes":{"id":{"type":"string","description":"The unique identifier for the environment.","description_kind":"markdown","required":true}},"description":"Environment objects represent an isolated namespace for your Confluent resources for organizational purposes.","description_kind":"markdown"},"min_items":1,"max_items":1},"gcp":{"nesting_mode":"list","block":{"attributes":{"private_service_connect_service_attachments":{"type":["map","string"],"description":"The mapping of zones to Private Service Connect service attachments if available. Keys are zones and values are [GCP Private Service Connect service attachment](https://cloud.google.com/vpc/docs/configure-private-service-connect-producer#api_7).","description_kind":"markdown","computed":true},"project":{"type":"string","description":"The GCP project.","description_kind":"markdown","computed":true},"vpc_network":{"type":"string","description":"The GCP VPC network name.","description_kind":"markdown","computed":true}},"description_kind":"plain"}},"timeouts":{"nesting_mode":"single","block":{"attributes":{"create":{"type":"string","description_kind":"plain","optional":true},"delete":{"type":"string","description_kind":"plain","optional":true}},"description_kind":"plain"}},"zone_info":{"nesting_mode":"list","block":{"attributes":{"cidr":{"type":"string","description_kind":"plain","optional":true,"computed":true},"zone_id":{"type":"string","description_kind":"plain","optional":true,"computed":true}},"description":"Each item represents information related to a single zone.","description_kind":"markdown"}}},"description_kind":"plain"}},"confluent_network_link_endpoint":{"version":0,"block":{"attributes":{"description":{"type":"string","description_kind":"plain","optional":true,"computed":true},"display_name":{"type":"string","description":"The display name of the Network Link Endpoint.","description_kind":"markdown","optional":true,"computed":true},"id":{"type":"string","description":"The ID of the Network Link Endpoint, for example, `nle-a1b2c`.","description_kind":"markdown","computed":true},"resource_name":{"type":"string","description_kind":"plain","computed":true}},"block_types":{"environment":{"nesting_mode":"list","block":{"attributes":{"id":{"type":"string","description":"The unique identifier for the environment.","description_kind":"markdown","required":true}},"description":"Environment objects represent an isolated namespace for your Confluent resources for organizational purposes.","description_kind":"markdown"},"min_items":1,"max_items":1},"network":{"nesting_mode":"list","block":{"attributes":{"id":{"type":"string","description":"The unique identifier for the network.","description_kind":"markdown","required":true}},"description":"Network represents a network (VPC) in Confluent Cloud. All Networks exist within Confluent-managed cloud provider accounts.","description_kind":"markdown"},"min_items":1,"max_items":1},"network_link_service":{"nesting_mode":"list","block":{"attributes":{"id":{"type":"string","description":"The unique identifier for the Network Link Endpoint.","description_kind":"markdown","required":true}},"description_kind":"plain"},"min_items":1,"max_items":1}},"description_kind":"plain"}},"confluent_network_link_service":{"version":0,"block":{"attributes":{"description":{"type":"string","description_kind":"plain","optional":true,"computed":true},"display_name":{"type":"string","description":"The display name of the Network Link Service.","description_kind":"markdown","optional":true,"computed":true},"id":{"type":"string","description":"The ID of the Network Link Service, for example, `nls-a1b2c`.","description_kind":"markdown","computed":true},"resource_name":{"type":"string","description_kind":"plain","computed":true}},"block_types":{"accept":{"nesting_mode":"list","block":{"attributes":{"environments":{"type":["set","string"],"description_kind":"plain","optional":true,"computed":true},"networks":{"type":["set","string"],"description_kind":"plain","optional":true,"computed":true}},"description_kind":"plain"},"max_items":1},"environment":{"nesting_mode":"list","block":{"attributes":{"id":{"type":"string","description":"The unique identifier for the environment.","description_kind":"markdown","required":true}},"description":"Environment objects represent an isolated namespace for your Confluent resources for organizational purposes.","description_kind":"markdown"},"min_items":1,"max_items":1},"network":{"nesting_mode":"list","block":{"attributes":{"id":{"type":"string","description":"The unique identifier for the network.","description_kind":"markdown","required":true}},"description":"Network represents a network (VPC) in Confluent Cloud. All Networks exist within Confluent-managed cloud provider accounts.","description_kind":"markdown"},"min_items":1,"max_items":1}},"description_kind":"plain"}},"confluent_peering":{"version":0,"block":{"attributes":{"display_name":{"type":"string","description":"The name of the Peering.","description_kind":"markdown","optional":true,"computed":true},"id":{"type":"string","description_kind":"plain","optional":true,"computed":true}},"block_types":{"aws":{"nesting_mode":"list","block":{"attributes":{"account":{"type":"string","description":"AWS account for VPC to peer with the network.","description_kind":"markdown","required":true},"customer_region":{"type":"string","description":"Region of customer VPC.","description_kind":"markdown","required":true},"routes":{"type":["list","string"],"description":"List of routes for the peering.","description_kind":"markdown","required":true},"vpc":{"type":"string","description":"The id of the AWS VPC to peer with.","description_kind":"markdown","required":true}},"description_kind":"plain"},"max_items":1},"azure":{"nesting_mode":"list","block":{"attributes":{"customer_region":{"type":"string","description":"Region of customer VNet.","description_kind":"markdown","required":true},"tenant":{"type":"string","description":"Customer Azure tenant.","description_kind":"markdown","required":true},"vnet":{"type":"string","description":"Customer VNet to peer with.","description_kind":"markdown","required":true}},"description_kind":"plain"},"max_items":1},"environment":{"nesting_mode":"list","block":{"attributes":{"id":{"type":"string","description":"The unique identifier for the environment.","description_kind":"markdown","required":true}},"description":"Environment objects represent an isolated namespace for your Confluent resources for organizational purposes.","description_kind":"markdown"},"min_items":1,"max_items":1},"gcp":{"nesting_mode":"list","block":{"attributes":{"import_custom_routes":{"type":"bool","description":"Enable customer route import. Defaults to `false`.","description_kind":"markdown","optional":true},"project":{"type":"string","description":"The name of the GCP project.","description_kind":"markdown","required":true},"vpc_network":{"type":"string","description":"The name of the GCP VPC network to peer with.","description_kind":"markdown","required":true}},"description_kind":"plain"},"max_items":1},"network":{"nesting_mode":"list","block":{"attributes":{"id":{"type":"string","description":"The unique identifier for the network.","description_kind":"markdown","required":true}},"description":"Network represents a network (VPC) in Confluent Cloud. All Networks exist within Confluent-managed cloud provider accounts.","description_kind":"markdown"},"min_items":1,"max_items":1},"timeouts":{"nesting_mode":"single","block":{"attributes":{"create":{"type":"string","description_kind":"plain","optional":true},"delete":{"type":"string","description_kind":"plain","optional":true}},"description_kind":"plain"}}},"description_kind":"plain"}},"confluent_private_link_access":{"version":0,"block":{"attributes":{"display_name":{"type":"string","description":"The name of the PrivateLink access.","description_kind":"markdown","optional":true,"computed":true},"id":{"type":"string","description_kind":"plain","optional":true,"computed":true}},"block_types":{"aws":{"nesting_mode":"list","block":{"attributes":{"account":{"type":"string","description":"AWS Account ID to allow for PrivateLink access. Find here (https://console.aws.amazon.com/billing/home?#/account) under My Account in your AWS Management Console.","description_kind":"markdown","required":true}},"description_kind":"plain"},"max_items":1},"azure":{"nesting_mode":"list","block":{"attributes":{"subscription":{"type":"string","description":"Azure subscription to allow for PrivateLink access.","description_kind":"markdown","required":true}},"description_kind":"plain"},"max_items":1},"environment":{"nesting_mode":"list","block":{"attributes":{"id":{"type":"string","description":"The unique identifier for the environment.","description_kind":"markdown","required":true}},"description":"Environment objects represent an isolated namespace for your Confluent resources for organizational purposes.","description_kind":"markdown"},"min_items":1,"max_items":1},"gcp":{"nesting_mode":"list","block":{"attributes":{"project":{"type":"string","description":"The GCP project ID to allow for Private Service Connect access.","description_kind":"markdown","required":true}},"description_kind":"plain"},"max_items":1},"network":{"nesting_mode":"list","block":{"attributes":{"id":{"type":"string","description":"The unique identifier for the network.","description_kind":"markdown","required":true}},"description":"Network represents a network (VPC) in Confluent Cloud. All Networks exist within Confluent-managed cloud provider accounts.","description_kind":"markdown"},"min_items":1,"max_items":1},"timeouts":{"nesting_mode":"single","block":{"attributes":{"create":{"type":"string","description_kind":"plain","optional":true},"delete":{"type":"string","description_kind":"plain","optional":true}},"description_kind":"plain"}}},"description_kind":"plain"}},"confluent_private_link_attachment":{"version":0,"block":{"attributes":{"aws":{"type":["list",["object",{"vpc_endpoint_service_name":"string"}]],"description_kind":"plain","computed":true},"azure":{"type":["set",["object",{"private_link_service_alias":"string","private_link_service_resource_id":"string","zone":"string"}]],"description_kind":"plain","computed":true},"cloud":{"type":"string","description":"The cloud service provider that hosts the resources to access with the PrivateLink attachment.","description_kind":"markdown","required":true},"display_name":{"type":"string","description":"The name of the Private Link Attachment.","description_kind":"markdown","optional":true,"computed":true},"dns_domain":{"type":"string","description":"The root DNS domain for the private link attachment.","description_kind":"markdown","computed":true},"gcp":{"type":["set",["object",{"private_service_connect_service_attachment":"string","zone":"string"}]],"description_kind":"plain","computed":true},"id":{"type":"string","description_kind":"plain","optional":true,"computed":true},"region":{"type":"string","description":"The cloud service provider region where the resources to be accessed using the PrivateLink attachment are located.","description_kind":"markdown","required":true},"resource_name":{"type":"string","description_kind":"plain","computed":true}},"block_types":{"environment":{"nesting_mode":"list","block":{"attributes":{"id":{"type":"string","description":"The unique identifier for the environment.","description_kind":"markdown","required":true}},"description":"Environment objects represent an isolated namespace for your Confluent resources for organizational purposes.","description_kind":"markdown"},"min_items":1,"max_items":1}},"description_kind":"plain"}},"confluent_private_link_attachment_connection":{"version":0,"block":{"attributes":{"display_name":{"type":"string","description":"The name of the Private Link Attachment Connection.","description_kind":"markdown","optional":true,"computed":true},"id":{"type":"string","description_kind":"plain","optional":true,"computed":true},"resource_name":{"type":"string","description_kind":"plain","computed":true}},"block_types":{"aws":{"nesting_mode":"list","block":{"attributes":{"vpc_endpoint_id":{"type":"string","description":"Id of a VPC Endpoint that is connected to the VPC Endpoint service.","description_kind":"markdown","required":true}},"description_kind":"plain"},"max_items":1},"azure":{"nesting_mode":"list","block":{"attributes":{"private_endpoint_resource_id":{"type":"string","description":"Resource Id of the PrivateEndpoint that is connected to the PrivateLink service.","description_kind":"markdown","required":true}},"description_kind":"plain"},"max_items":1},"environment":{"nesting_mode":"list","block":{"attributes":{"id":{"type":"string","description":"The unique identifier for the environment.","description_kind":"markdown","required":true}},"description":"Environment objects represent an isolated namespace for your Confluent resources for organizational purposes.","description_kind":"markdown"},"min_items":1,"max_items":1},"gcp":{"nesting_mode":"list","block":{"attributes":{"private_service_connect_connection_id":{"type":"string","description":"Id of the Private Service connection.","description_kind":"markdown","required":true}},"description_kind":"plain"},"max_items":1},"private_link_attachment":{"nesting_mode":"list","block":{"attributes":{"id":{"type":"string","description":"The unique identifier for the private link attachment.","description_kind":"markdown","required":true}},"description":"The private_link_attachment to which this belongs.","description_kind":"markdown"},"min_items":1,"max_items":1}},"description_kind":"plain"}},"confluent_role_binding":{"version":0,"block":{"attributes":{"crn_pattern":{"type":"string","description":"A CRN that specifies the scope and resource patterns necessary for the role to bind.","description_kind":"markdown","required":true},"id":{"type":"string","description_kind":"plain","optional":true,"computed":true},"principal":{"type":"string","description":"The principal User to bind the role to.","description_kind":"markdown","required":true},"role_name":{"type":"string","description":"The name of the role to bind to the principal.","description_kind":"markdown","required":true}},"description_kind":"plain"}},"confluent_schema":{"version":0,"block":{"attributes":{"format":{"type":"string","description":"The format of the Schema.","description_kind":"markdown","required":true},"hard_delete":{"type":"bool","description":"Controls whether a schema should be soft or hard deleted. Set it to `true` if you want to hard delete a schema on destroy. Defaults to `false` (soft delete). Defaults to `false`.","description_kind":"markdown","optional":true},"id":{"type":"string","description_kind":"plain","optional":true,"computed":true},"recreate_on_update":{"type":"bool","description":"Controls whether a schema should be recreated on update. Defaults to `false`.","description_kind":"markdown","optional":true},"rest_endpoint":{"type":"string","description":"The REST endpoint of the Schema Registry cluster, for example, `https://psrc-00000.us-central1.gcp.confluent.cloud:443`).","description_kind":"markdown","optional":true},"schema":{"type":"string","description":"The definition of the Schema.","description_kind":"markdown","optional":true,"computed":true},"schema_identifier":{"type":"number","description":"Globally unique identifier of the Schema returned for a creation request. It should be used to retrieve this schema from the schemas resource and is different from the schema’s version which is associated with the subject.","description_kind":"markdown","computed":true},"subject_name":{"type":"string","description":"The name of the Schema Registry Subject.","description_kind":"markdown","required":true},"version":{"type":"number","description":"The version number of the Schema.","description_kind":"markdown","computed":true}},"block_types":{"credentials":{"nesting_mode":"list","block":{"attributes":{"key":{"type":"string","description":"The Cluster API Key for your Confluent Cloud cluster.","description_kind":"markdown","required":true,"sensitive":true},"secret":{"type":"string","description":"The Cluster API Secret for your Confluent Cloud cluster.","description_kind":"markdown","required":true,"sensitive":true}},"description":"The Cluster API Credentials.","description_kind":"markdown"},"max_items":1},"schema_reference":{"nesting_mode":"set","block":{"attributes":{"name":{"type":"string","description":"The name of the Schema references (for example, \"io.confluent.kafka.example.User\"). For Avro, the reference name is the fully qualified schema name, for JSON Schema it is a URL, and for Protobuf, it is the name of another Protobuf file.","description_kind":"markdown","required":true},"subject_name":{"type":"string","description":"The name of the referenced Schema Registry Subject (for example, \"User\").","description_kind":"markdown","required":true},"version":{"type":"number","description":"The version of the referenced Schema.","description_kind":"markdown","required":true}},"description":"The list of references to other Schemas.","description_kind":"markdown"}},"schema_registry_cluster":{"nesting_mode":"list","block":{"attributes":{"id":{"type":"string","description":"The Schema Registry cluster ID (e.g., `lsrc-abc123`).","description_kind":"markdown","required":true}},"description_kind":"plain"},"max_items":1}},"description_kind":"plain"}},"confluent_schema_exporter":{"version":0,"block":{"attributes":{"config":{"type":["map","string"],"description_kind":"plain","optional":true,"computed":true},"context":{"type":"string","description_kind":"plain","optional":true,"computed":true},"context_type":{"type":"string","description_kind":"plain","optional":true,"computed":true},"id":{"type":"string","description_kind":"plain","optional":true,"computed":true},"name":{"type":"string","description_kind":"plain","required":true},"reset_on_update":{"type":"bool","description":"Defaults to `false`.","description_kind":"markdown","optional":true},"rest_endpoint":{"type":"string","description":"The REST endpoint of the Schema Registry cluster, for example, `https://psrc-00000.us-central1.gcp.confluent.cloud:443`).","description_kind":"markdown","optional":true},"status":{"type":"string","description_kind":"plain","optional":true,"computed":true},"subject_rename_format":{"type":"string","description_kind":"plain","optional":true,"computed":true},"subjects":{"type":["set","string"],"description_kind":"plain","optional":true,"computed":true}},"block_types":{"credentials":{"nesting_mode":"list","block":{"attributes":{"key":{"type":"string","description":"The Cluster API Key for your Confluent Cloud cluster.","description_kind":"markdown","required":true,"sensitive":true},"secret":{"type":"string","description":"The Cluster API Secret for your Confluent Cloud cluster.","description_kind":"markdown","required":true,"sensitive":true}},"description":"The Cluster API Credentials.","description_kind":"markdown"},"max_items":1},"destination_schema_registry_cluster":{"nesting_mode":"list","block":{"attributes":{"rest_endpoint":{"type":"string","description_kind":"plain","required":true}},"block_types":{"credentials":{"nesting_mode":"list","block":{"attributes":{"key":{"type":"string","description_kind":"plain","required":true,"sensitive":true},"secret":{"type":"string","description_kind":"plain","required":true,"sensitive":true}},"description_kind":"plain"},"min_items":1,"max_items":1}},"description_kind":"plain"},"min_items":1,"max_items":1},"schema_registry_cluster":{"nesting_mode":"list","block":{"attributes":{"id":{"type":"string","description":"The Schema Registry cluster ID (e.g., `lsrc-abc123`).","description_kind":"markdown","required":true}},"description_kind":"plain"},"max_items":1}},"description_kind":"plain"}},"confluent_schema_registry_cluster":{"version":0,"block":{"attributes":{"api_version":{"type":"string","description":"API Version defines the schema version of this representation of a Schema Registry Cluster.","description_kind":"markdown","computed":true},"display_name":{"type":"string","description":"The name of the Schema Registry Cluster.","description_kind":"markdown","computed":true},"id":{"type":"string","description_kind":"plain","optional":true,"computed":true},"kind":{"type":"string","description":"Kind defines the object Schema Registry Cluster represents.","description_kind":"markdown","computed":true},"package":{"type":"string","description":"The billing package.","description_kind":"markdown","required":true},"resource_name":{"type":"string","description":"The Confluent Resource Name of the Schema Registry Cluster.","description_kind":"markdown","computed":true},"rest_endpoint":{"type":"string","description":"The API endpoint of the Schema Registry Cluster.","description_kind":"markdown","computed":true}},"block_types":{"environment":{"nesting_mode":"list","block":{"attributes":{"id":{"type":"string","description":"The unique identifier for the environment.","description_kind":"markdown","required":true}},"description":"Environment objects represent an isolated namespace for your Confluent resources for organizational purposes.","description_kind":"markdown"},"min_items":1,"max_items":1},"region":{"nesting_mode":"list","block":{"attributes":{"id":{"type":"string","description":"The unique identifier for the Schema Registry Region.","description_kind":"markdown","required":true}},"description_kind":"plain"},"min_items":1,"max_items":1}},"description_kind":"plain"}},"confluent_schema_registry_cluster_config":{"version":0,"block":{"attributes":{"compatibility_level":{"type":"string","description_kind":"plain","optional":true,"computed":true},"id":{"type":"string","description_kind":"plain","optional":true,"computed":true},"rest_endpoint":{"type":"string","description":"The REST endpoint of the Schema Registry cluster, for example, `https://psrc-00000.us-central1.gcp.confluent.cloud:443`).","description_kind":"markdown","optional":true}},"block_types":{"credentials":{"nesting_mode":"list","block":{"attributes":{"key":{"type":"string","description":"The Cluster API Key for your Confluent Cloud cluster.","description_kind":"markdown","required":true,"sensitive":true},"secret":{"type":"string","description":"The Cluster API Secret for your Confluent Cloud cluster.","description_kind":"markdown","required":true,"sensitive":true}},"description":"The Cluster API Credentials.","description_kind":"markdown"},"max_items":1},"schema_registry_cluster":{"nesting_mode":"list","block":{"attributes":{"id":{"type":"string","description":"The Schema Registry cluster ID (e.g., `lsrc-abc123`).","description_kind":"markdown","required":true}},"description_kind":"plain"},"max_items":1}},"description_kind":"plain"}},"confluent_schema_registry_cluster_mode":{"version":0,"block":{"attributes":{"id":{"type":"string","description_kind":"plain","optional":true,"computed":true},"mode":{"type":"string","description_kind":"plain","optional":true,"computed":true},"rest_endpoint":{"type":"string","description":"The REST endpoint of the Schema Registry cluster, for example, `https://psrc-00000.us-central1.gcp.confluent.cloud:443`).","description_kind":"markdown","optional":true}},"block_types":{"credentials":{"nesting_mode":"list","block":{"attributes":{"key":{"type":"string","description":"The Cluster API Key for your Confluent Cloud cluster.","description_kind":"markdown","required":true,"sensitive":true},"secret":{"type":"string","description":"The Cluster API Secret for your Confluent Cloud cluster.","description_kind":"markdown","required":true,"sensitive":true}},"description":"The Cluster API Credentials.","description_kind":"markdown"},"max_items":1},"schema_registry_cluster":{"nesting_mode":"list","block":{"attributes":{"id":{"type":"string","description":"The Schema Registry cluster ID (e.g., `lsrc-abc123`).","description_kind":"markdown","required":true}},"description_kind":"plain"},"max_items":1}},"description_kind":"plain"}},"confluent_service_account":{"version":0,"block":{"attributes":{"api_version":{"type":"string","description":"API Version defines the schema version of this representation of a Service Account.","description_kind":"markdown","computed":true},"description":{"type":"string","description":"A free-form description of the Service Account.","description_kind":"markdown","optional":true},"display_name":{"type":"string","description":"A human-readable name for the Service Account.","description_kind":"markdown","required":true},"id":{"type":"string","description_kind":"plain","optional":true,"computed":true},"kind":{"type":"string","description":"Kind defines the object Service Account represents.","description_kind":"markdown","computed":true}},"description_kind":"plain"}},"confluent_subject_config":{"version":0,"block":{"attributes":{"compatibility_level":{"type":"string","description_kind":"plain","optional":true,"computed":true},"id":{"type":"string","description_kind":"plain","optional":true,"computed":true},"rest_endpoint":{"type":"string","description":"The REST endpoint of the Schema Registry cluster, for example, `https://psrc-00000.us-central1.gcp.confluent.cloud:443`).","description_kind":"markdown","optional":true},"subject_name":{"type":"string","description":"The name of the Schema Registry Subject.","description_kind":"markdown","required":true}},"block_types":{"credentials":{"nesting_mode":"list","block":{"attributes":{"key":{"type":"string","description":"The Cluster API Key for your Confluent Cloud cluster.","description_kind":"markdown","required":true,"sensitive":true},"secret":{"type":"string","description":"The Cluster API Secret for your Confluent Cloud cluster.","description_kind":"markdown","required":true,"sensitive":true}},"description":"The Cluster API Credentials.","description_kind":"markdown"},"max_items":1},"schema_registry_cluster":{"nesting_mode":"list","block":{"attributes":{"id":{"type":"string","description":"The Schema Registry cluster ID (e.g., `lsrc-abc123`).","description_kind":"markdown","required":true}},"description_kind":"plain"},"max_items":1}},"description_kind":"plain"}},"confluent_subject_mode":{"version":0,"block":{"attributes":{"id":{"type":"string","description_kind":"plain","optional":true,"computed":true},"mode":{"type":"string","description_kind":"plain","optional":true,"computed":true},"rest_endpoint":{"type":"string","description":"The REST endpoint of the Schema Registry cluster, for example, `https://psrc-00000.us-central1.gcp.confluent.cloud:443`).","description_kind":"markdown","optional":true},"subject_name":{"type":"string","description":"The name of the Schema Registry Subject.","description_kind":"markdown","required":true}},"block_types":{"credentials":{"nesting_mode":"list","block":{"attributes":{"key":{"type":"string","description":"The Cluster API Key for your Confluent Cloud cluster.","description_kind":"markdown","required":true,"sensitive":true},"secret":{"type":"string","description":"The Cluster API Secret for your Confluent Cloud cluster.","description_kind":"markdown","required":true,"sensitive":true}},"description":"The Cluster API Credentials.","description_kind":"markdown"},"max_items":1},"schema_registry_cluster":{"nesting_mode":"list","block":{"attributes":{"id":{"type":"string","description":"The Schema Registry cluster ID (e.g., `lsrc-abc123`).","description_kind":"markdown","required":true}},"description_kind":"plain"},"max_items":1}},"description_kind":"plain"}},"confluent_tag":{"version":0,"block":{"attributes":{"description":{"type":"string","description":"The description of the tag to be created.","description_kind":"markdown","optional":true},"entity_types":{"type":["set","string"],"description":"The entity type of the tag to be created.","description_kind":"markdown","computed":true},"id":{"type":"string","description_kind":"plain","optional":true,"computed":true},"name":{"type":"string","description":"The name of the tag to be created.","description_kind":"markdown","required":true},"rest_endpoint":{"type":"string","description":"The REST endpoint of the Schema Registry cluster, for example, `https://psrc-00000.us-central1.gcp.confluent.cloud:443`).","description_kind":"markdown","optional":true},"version":{"type":"number","description":"The version.","description_kind":"markdown","computed":true}},"block_types":{"credentials":{"nesting_mode":"list","block":{"attributes":{"key":{"type":"string","description":"The Cluster API Key for your Confluent Cloud cluster.","description_kind":"markdown","required":true,"sensitive":true},"secret":{"type":"string","description":"The Cluster API Secret for your Confluent Cloud cluster.","description_kind":"markdown","required":true,"sensitive":true}},"description":"The Cluster API Credentials.","description_kind":"markdown"},"max_items":1},"schema_registry_cluster":{"nesting_mode":"list","block":{"attributes":{"id":{"type":"string","description":"The Schema Registry cluster ID (e.g., `lsrc-abc123`).","description_kind":"markdown","required":true}},"description_kind":"plain"},"max_items":1}},"description_kind":"plain"}},"confluent_tag_binding":{"version":0,"block":{"attributes":{"entity_name":{"type":"string","description":"The qualified name of the entity.","description_kind":"markdown","required":true},"entity_type":{"type":"string","description":"The entity type.","description_kind":"markdown","required":true},"id":{"type":"string","description_kind":"plain","optional":true,"computed":true},"rest_endpoint":{"type":"string","description":"The REST endpoint of the Schema Registry cluster, for example, `https://psrc-00000.us-central1.gcp.confluent.cloud:443`).","description_kind":"markdown","optional":true},"tag_name":{"type":"string","description":"The name of the tag to be applied.","description_kind":"markdown","required":true}},"block_types":{"credentials":{"nesting_mode":"list","block":{"attributes":{"key":{"type":"string","description":"The Cluster API Key for your Confluent Cloud cluster.","description_kind":"markdown","required":true,"sensitive":true},"secret":{"type":"string","description":"The Cluster API Secret for your Confluent Cloud cluster.","description_kind":"markdown","required":true,"sensitive":true}},"description":"The Cluster API Credentials.","description_kind":"markdown"},"max_items":1},"schema_registry_cluster":{"nesting_mode":"list","block":{"attributes":{"id":{"type":"string","description":"The Schema Registry cluster ID (e.g., `lsrc-abc123`).","description_kind":"markdown","required":true}},"description_kind":"plain"},"max_items":1}},"description_kind":"plain"}},"confluent_tf_importer":{"version":0,"block":{"attributes":{"id":{"type":"string","description_kind":"plain","optional":true,"computed":true},"output_path":{"type":"string","description":"Defaults to `./imported_confluent_infrastructure`.","description_kind":"markdown","optional":true},"resources":{"type":["list","string"],"description":"A list of resources to Import. Defaults to all Importable resources.","description_kind":"markdown","optional":true}},"description_kind":"plain"}},"confluent_transit_gateway_attachment":{"version":0,"block":{"attributes":{"display_name":{"type":"string","description":"The name of the Transit Gateway Attachment.","description_kind":"markdown","optional":true,"computed":true},"id":{"type":"string","description_kind":"plain","optional":true,"computed":true}},"block_types":{"aws":{"nesting_mode":"list","block":{"attributes":{"ram_resource_share_arn":{"type":"string","description":"The Amazon Resource Name (ARN) of the Resource Access Manager (RAM) Resource Share of the transit gateway your Confluent Cloud network attaches to.","description_kind":"markdown","required":true},"routes":{"type":["list","string"],"description":"List of destination routes for traffic from Confluent VPC to customer VPC via Transit Gateway.","description_kind":"markdown","required":true},"transit_gateway_attachment_id":{"type":"string","description":"The ID of the AWS Transit Gateway VPC Attachment that attaches Confluent VPC to Transit Gateway.","description_kind":"markdown","computed":true},"transit_gateway_id":{"type":"string","description":"The ID of the AWS Transit Gateway that your Confluent Cloud network attaches to.","description_kind":"markdown","required":true}},"description_kind":"plain"},"max_items":1},"environment":{"nesting_mode":"list","block":{"attributes":{"id":{"type":"string","description":"The unique identifier for the environment.","description_kind":"markdown","required":true}},"description":"Environment objects represent an isolated namespace for your Confluent resources for organizational purposes.","description_kind":"markdown"},"min_items":1,"max_items":1},"network":{"nesting_mode":"list","block":{"attributes":{"id":{"type":"string","description":"The unique identifier for the network.","description_kind":"markdown","required":true}},"description":"Network represents a network (VPC) in Confluent Cloud. All Networks exist within Confluent-managed cloud provider accounts.","description_kind":"markdown"},"min_items":1,"max_items":1},"timeouts":{"nesting_mode":"single","block":{"attributes":{"create":{"type":"string","description_kind":"plain","optional":true},"delete":{"type":"string","description_kind":"plain","optional":true}},"description_kind":"plain"}}},"description_kind":"plain"}}},"data_source_schemas":{"confluent_business_metadata":{"version":0,"block":{"attributes":{"attribute_definition":{"type":["set",["object",{"default_value":"string","description":"string","is_optional":"bool","name":"string","options":["map","string"],"type":"string"}]],"description_kind":"plain","computed":true},"description":{"type":"string","description":"The description of the Business Metadata.","description_kind":"markdown","computed":true},"id":{"type":"string","description":"The id of the Business Metadata.","description_kind":"markdown","computed":true},"name":{"type":"string","description":"The name of the Business Metadata.","description_kind":"markdown","required":true},"rest_endpoint":{"type":"string","description":"The REST endpoint of the Schema Registry cluster, for example, `https://psrc-00000.us-central1.gcp.confluent.cloud:443`).","description_kind":"markdown","optional":true},"version":{"type":"number","description":"The version.","description_kind":"markdown","computed":true}},"block_types":{"credentials":{"nesting_mode":"list","block":{"attributes":{"key":{"type":"string","description":"The Cluster API Key for your Confluent Cloud cluster.","description_kind":"markdown","required":true,"sensitive":true},"secret":{"type":"string","description":"The Cluster API Secret for your Confluent Cloud cluster.","description_kind":"markdown","required":true,"sensitive":true}},"description":"The Cluster API Credentials.","description_kind":"markdown"},"max_items":1},"schema_registry_cluster":{"nesting_mode":"list","block":{"attributes":{"id":{"type":"string","description":"The Schema Registry cluster ID (e.g., `lsrc-abc123`).","description_kind":"markdown","required":true}},"description_kind":"plain"},"max_items":1}},"description_kind":"plain"}},"confluent_business_metadata_binding":{"version":0,"block":{"attributes":{"attributes":{"type":["map","string"],"description":"The attributes.","description_kind":"markdown","computed":true},"business_metadata_name":{"type":"string","description":"The name of the business metadata.","description_kind":"markdown","required":true},"entity_name":{"type":"string","description":"The qualified name of the entity.","description_kind":"markdown","required":true},"entity_type":{"type":"string","description":"The entity type.","description_kind":"markdown","required":true},"id":{"type":"string","description":"The id of the business metadata binding.","description_kind":"markdown","computed":true},"rest_endpoint":{"type":"string","description":"The REST endpoint of the Schema Registry cluster, for example, `https://psrc-00000.us-central1.gcp.confluent.cloud:443`).","description_kind":"markdown","optional":true}},"block_types":{"credentials":{"nesting_mode":"list","block":{"attributes":{"key":{"type":"string","description":"The Cluster API Key for your Confluent Cloud cluster.","description_kind":"markdown","required":true,"sensitive":true},"secret":{"type":"string","description":"The Cluster API Secret for your Confluent Cloud cluster.","description_kind":"markdown","required":true,"sensitive":true}},"description":"The Cluster API Credentials.","description_kind":"markdown"},"max_items":1},"schema_registry_cluster":{"nesting_mode":"list","block":{"attributes":{"id":{"type":"string","description":"The Schema Registry cluster ID (e.g., `lsrc-abc123`).","description_kind":"markdown","required":true}},"description_kind":"plain"},"max_items":1}},"description_kind":"plain"}},"confluent_byok_key":{"version":0,"block":{"attributes":{"aws":{"type":["list",["object",{"key_arn":"string","roles":["set","string"]}]],"description_kind":"plain","computed":true},"azure":{"type":["list",["object",{"application_id":"string","key_identifier":"string","key_vault_id":"string","tenant_id":"string"}]],"description_kind":"plain","computed":true},"id":{"type":"string","description":"The id of the BYOK key","description_kind":"markdown","required":true}},"description_kind":"plain"}},"confluent_environment":{"version":0,"block":{"attributes":{"display_name":{"type":"string","description":"A human-readable name for the Environment.","description_kind":"markdown","optional":true,"computed":true},"id":{"type":"string","description":"The ID of the Environment (e.g., `env-abc123`).","description_kind":"markdown","optional":true,"computed":true},"resource_name":{"type":"string","description":"The Confluent Resource Name of the Environment.","description_kind":"markdown","computed":true}},"description_kind":"plain"}},"confluent_environments":{"version":0,"block":{"attributes":{"id":{"type":"string","description_kind":"plain","optional":true,"computed":true},"ids":{"type":["list","string"],"description":"List of environments","description_kind":"markdown","computed":true}},"description_kind":"plain"}},"confluent_flink_compute_pool":{"version":0,"block":{"attributes":{"api_version":{"type":"string","description_kind":"plain","computed":true},"cloud":{"type":"string","description_kind":"plain","computed":true},"current_cfu":{"type":"number","description_kind":"plain","computed":true},"display_name":{"type":"string","description_kind":"plain","optional":true,"computed":true},"id":{"type":"string","description":"The ID of the Compute Pool, for example, `lfcp-abc123`.","description_kind":"markdown","optional":true,"computed":true},"kind":{"type":"string","description_kind":"plain","computed":true},"max_cfu":{"type":"number","description_kind":"plain","computed":true},"region":{"type":"string","description_kind":"plain","computed":true},"resource_name":{"type":"string","description_kind":"plain","computed":true},"rest_endpoint":{"type":"string","description_kind":"plain","computed":true}},"block_types":{"environment":{"nesting_mode":"list","block":{"attributes":{"id":{"type":"string","description_kind":"plain","required":true}},"description_kind":"plain"},"min_items":1,"max_items":1}},"description_kind":"plain"}},"confluent_identity_pool":{"version":0,"block":{"attributes":{"description":{"type":"string","description_kind":"plain","computed":true},"display_name":{"type":"string","description_kind":"plain","optional":true,"computed":true},"filter":{"type":"string","description_kind":"plain","computed":true},"id":{"type":"string","description_kind":"plain","optional":true,"computed":true},"identity_claim":{"type":"string","description_kind":"plain","computed":true}},"block_types":{"identity_provider":{"nesting_mode":"list","block":{"attributes":{"id":{"type":"string","description_kind":"plain","required":true}},"description_kind":"plain"},"min_items":1,"max_items":1}},"description_kind":"plain"}},"confluent_identity_provider":{"version":0,"block":{"attributes":{"description":{"type":"string","description":"A description of the Identity Provider.","description_kind":"markdown","computed":true},"display_name":{"type":"string","description":"A name for the Identity Provider.","description_kind":"markdown","optional":true,"computed":true},"id":{"type":"string","description":"The ID of the Identity Provider (e.g., `op-abc123`).","description_kind":"markdown","optional":true,"computed":true},"issuer":{"type":"string","description":"A publicly reachable issuer URI for the Identity Provider.","description_kind":"markdown","computed":true},"jwks_uri":{"type":"string","description":"A publicly reachable JWKS URI for the Identity Provider.","description_kind":"markdown","computed":true}},"description_kind":"plain"}},"confluent_invitation":{"version":0,"block":{"attributes":{"accepted_at":{"type":"string","description_kind":"plain","computed":true},"auth_type":{"type":"string","description_kind":"plain","computed":true},"creator":{"type":["list",["object",{"id":"string"}]],"description_kind":"plain","computed":true},"email":{"type":"string","description_kind":"plain","computed":true},"expires_at":{"type":"string","description_kind":"plain","computed":true},"id":{"type":"string","description":"The ID of the invitation, for example, `dlz-f3a90de`.","description_kind":"markdown","required":true},"status":{"type":"string","description_kind":"plain","computed":true},"user":{"type":["list",["object",{"id":"string"}]],"description_kind":"plain","computed":true}},"description_kind":"plain"}},"confluent_ip_addresses":{"version":0,"block":{"attributes":{"id":{"type":"string","description_kind":"plain","optional":true,"computed":true},"ip_addresses":{"type":["list",["object",{"address_type":"string","api_version":"string","cloud":"string","ip_prefix":"string","kind":"string","region":"string","services":["list","string"]}]],"description_kind":"plain","computed":true}},"block_types":{"filter":{"nesting_mode":"list","block":{"attributes":{"address_types":{"type":["list","string"],"description":"Filter the results by exact match for address_type. Pass multiple times to see results matching any of the values.","description_kind":"markdown","optional":true},"clouds":{"type":["list","string"],"description":"Filter the results by exact match for cloud. Pass multiple times to see results matching any of the values.","description_kind":"markdown","optional":true},"regions":{"type":["list","string"],"description":"Filter the results by exact match for region. Pass multiple times to see results matching any of the values.","description_kind":"markdown","optional":true},"services":{"type":["list","string"],"description":"Filter the results by exact match for services. Pass multiple times to see results matching any of the values.","description_kind":"markdown","optional":true}},"description":"Schema filters.","description_kind":"markdown"},"max_items":1}},"description_kind":"plain"}},"confluent_kafka_client_quota":{"version":0,"block":{"attributes":{"description":{"type":"string","description":"A description of the Kafka Client Quota.","description_kind":"markdown","computed":true},"display_name":{"type":"string","description":"The name of the Kafka Client Quota.","description_kind":"markdown","computed":true},"environment":{"type":["list",["object",{"id":"string"}]],"description_kind":"plain","computed":true},"id":{"type":"string","description":"The ID of the Kafka Client Quota (e.g., `rb-abc123`).","description_kind":"markdown","required":true},"kafka_cluster":{"type":["list",["object",{"id":"string"}]],"description_kind":"plain","computed":true},"principals":{"type":["set","string"],"description":"A list of service accounts and identity pools. Special name \"default\" can be used to represent the default quota for all users and service accounts.","description_kind":"markdown","computed":true},"throughput":{"type":["list",["object",{"egress_byte_rate":"string","ingress_byte_rate":"string"}]],"description":"Block for representing a Kafka Quota.","description_kind":"markdown","computed":true}},"description_kind":"plain"}},"confluent_kafka_cluster":{"version":1,"block":{"attributes":{"api_version":{"type":"string","description_kind":"plain","computed":true},"availability":{"type":"string","description_kind":"plain","computed":true},"bootstrap_endpoint":{"type":"string","description_kind":"plain","computed":true},"byok_key":{"type":["list",["object",{"id":"string"}]],"description_kind":"plain","computed":true},"cloud":{"type":"string","description_kind":"plain","computed":true},"display_name":{"type":"string","description_kind":"plain","optional":true,"computed":true},"id":{"type":"string","description":"The ID of the Kafka cluster, for example, `lkc-abc123`.","description_kind":"markdown","optional":true,"computed":true},"kind":{"type":"string","description_kind":"plain","computed":true},"network":{"type":["list",["object",{"id":"string"}]],"description":"Network represents a network (VPC) in Confluent Cloud. All Networks exist within Confluent-managed cloud provider accounts.","description_kind":"markdown","computed":true},"rbac_crn":{"type":"string","description_kind":"plain","computed":true},"region":{"type":"string","description_kind":"plain","computed":true},"rest_endpoint":{"type":"string","description_kind":"plain","computed":true}},"block_types":{"basic":{"nesting_mode":"list","block":{"description_kind":"plain"}},"dedicated":{"nesting_mode":"list","block":{"attributes":{"cku":{"type":"number","description":"The number of Confluent Kafka Units (CKUs) for Dedicated cluster types. MULTI_ZONE dedicated clusters must have at least two CKUs.","description_kind":"markdown","computed":true},"encryption_key":{"type":"string","description":"The ID of the encryption key that is used to encrypt the data in the Kafka cluster.","description_kind":"markdown","computed":true},"zones":{"type":["list","string"],"description":"The list of zones the cluster is in.","description_kind":"markdown","computed":true}},"description_kind":"plain"},"max_items":1},"enterprise":{"nesting_mode":"list","block":{"description_kind":"plain"}},"environment":{"nesting_mode":"list","block":{"attributes":{"id":{"type":"string","description_kind":"plain","required":true}},"description_kind":"plain"},"min_items":1,"max_items":1},"standard":{"nesting_mode":"list","block":{"description_kind":"plain"}}},"description_kind":"plain"}},"confluent_kafka_topic":{"version":2,"block":{"attributes":{"config":{"type":["map","string"],"description_kind":"plain","computed":true},"id":{"type":"string","description_kind":"plain","optional":true,"computed":true},"partitions_count":{"type":"number","description_kind":"plain","computed":true},"rest_endpoint":{"type":"string","description_kind":"plain","required":true},"topic_name":{"type":"string","description_kind":"plain","required":true}},"block_types":{"credentials":{"nesting_mode":"list","block":{"attributes":{"key":{"type":"string","description":"The Cluster API Key for your Confluent Cloud cluster.","description_kind":"markdown","required":true,"sensitive":true},"secret":{"type":"string","description":"The Cluster API Secret for your Confluent Cloud cluster.","description_kind":"markdown","required":true,"sensitive":true}},"description":"The Cluster API Credentials.","description_kind":"markdown"},"max_items":1},"kafka_cluster":{"nesting_mode":"list","block":{"attributes":{"id":{"type":"string","description_kind":"plain","required":true}},"description_kind":"plain"},"max_items":1}},"description_kind":"plain"}},"confluent_ksql_cluster":{"version":0,"block":{"attributes":{"api_version":{"type":"string","description_kind":"plain","computed":true},"credential_identity":{"type":["list",["object",{"id":"string"}]],"description_kind":"plain","computed":true},"csu":{"type":"number","description_kind":"plain","computed":true},"display_name":{"type":"string","description_kind":"plain","optional":true,"computed":true},"id":{"type":"string","description_kind":"plain","optional":true,"computed":true},"kafka_cluster":{"type":["list",["object",{"id":"string"}]],"description_kind":"plain","computed":true},"kind":{"type":"string","description_kind":"plain","computed":true},"resource_name":{"type":"string","description_kind":"plain","computed":true},"rest_endpoint":{"type":"string","description":"The dataplane endpoint of the ksqlDB cluster.","description_kind":"markdown","computed":true},"storage":{"type":"number","description":"Amount of storage (in GB) provisioned to this cluster.","description_kind":"markdown","computed":true},"topic_prefix":{"type":"string","description":"Topic name prefix used by this ksqlDB cluster. Used to assign ACLs for this ksqlDB cluster to use.","description_kind":"markdown","computed":true},"use_detailed_processing_log":{"type":"bool","description_kind":"plain","computed":true}},"block_types":{"environment":{"nesting_mode":"list","block":{"attributes":{"id":{"type":"string","description_kind":"plain","required":true}},"description_kind":"plain"},"min_items":1,"max_items":1}},"description_kind":"plain"}},"confluent_network":{"version":0,"block":{"attributes":{"cidr":{"type":"string","description_kind":"plain","computed":true},"cloud":{"type":"string","description_kind":"plain","computed":true},"connection_types":{"type":["list","string"],"description_kind":"plain","computed":true},"display_name":{"type":"string","description_kind":"plain","optional":true,"computed":true},"dns_domain":{"type":"string","description_kind":"plain","computed":true},"id":{"type":"string","description":"The ID of the Network, for example, `n-abc123`.","description_kind":"markdown","optional":true,"computed":true},"region":{"type":"string","description_kind":"plain","computed":true},"reserved_cidr":{"type":"string","description":"The IPv4 CIDR block reserved for Confluent Cloud Network. Must be /24. If not specified, Confluent Cloud Network uses 172.20.255.0/24","description_kind":"markdown","computed":true},"resource_name":{"type":"string","description_kind":"plain","computed":true},"zonal_subdomains":{"type":["map","string"],"description":"The DNS subdomain for each zone. Present on networks that support PrivateLink. Keys are zones and values are DNS domains.","description_kind":"markdown","computed":true},"zone_info":{"type":["list",["object",{"cidr":"string","zone_id":"string"}]],"description":"Each item represents information related to a single zone.","description_kind":"markdown","computed":true},"zones":{"type":["list","string"],"description_kind":"plain","computed":true}},"block_types":{"aws":{"nesting_mode":"list","block":{"attributes":{"account":{"type":"string","description":"The AWS account ID associated with the Confluent Cloud VPC.","description_kind":"markdown","computed":true},"private_link_endpoint_service":{"type":"string","description":"The endpoint service of the Confluent Cloud VPC (used for PrivateLink) if available.","description_kind":"markdown","computed":true},"vpc":{"type":"string","description":"The Confluent Cloud VPC ID.","description_kind":"markdown","computed":true}},"description_kind":"plain"}},"azure":{"nesting_mode":"list","block":{"attributes":{"private_link_service_aliases":{"type":["map","string"],"description_kind":"plain","computed":true}},"description_kind":"plain"}},"dns_config":{"nesting_mode":"list","block":{"attributes":{"resolution":{"type":"string","description":"Network DNS resolution.","description_kind":"markdown","computed":true}},"description":"Network DNS config. It applies only to the PRIVATELINK network connection type.","description_kind":"markdown"}},"environment":{"nesting_mode":"list","block":{"attributes":{"id":{"type":"string","description_kind":"plain","required":true}},"description_kind":"plain"},"min_items":1,"max_items":1},"gcp":{"nesting_mode":"list","block":{"attributes":{"private_service_connect_service_attachments":{"type":["map","string"],"description":"The mapping of zones to Private Service Connect service attachments if available. Keys are zones and values are [GCP Private Service Connect service attachment](https://cloud.google.com/vpc/docs/configure-private-service-connect-producer#api_7).","description_kind":"markdown","computed":true},"project":{"type":"string","description":"The GCP project.","description_kind":"markdown","computed":true},"vpc_network":{"type":"string","description":"The GCP VPC network name.","description_kind":"markdown","computed":true}},"description_kind":"plain"}}},"description_kind":"plain"}},"confluent_network_link_endpoint":{"version":0,"block":{"attributes":{"description":{"type":"string","description_kind":"plain","computed":true},"display_name":{"type":"string","description":"The display name of the network link endpoint.","description_kind":"markdown","computed":true},"id":{"type":"string","description":"The ID of the network link endpoint, for example, `nle-a1b2c`.","description_kind":"markdown","required":true},"network":{"type":["list",["object",{"id":"string"}]],"description_kind":"plain","computed":true},"network_link_service":{"type":["list",["object",{"id":"string"}]],"description_kind":"plain","computed":true},"resource_name":{"type":"string","description_kind":"plain","computed":true}},"block_types":{"environment":{"nesting_mode":"list","block":{"attributes":{"id":{"type":"string","description_kind":"plain","required":true}},"description_kind":"plain"},"min_items":1,"max_items":1}},"description_kind":"plain"}},"confluent_network_link_service":{"version":0,"block":{"attributes":{"description":{"type":"string","description_kind":"plain","computed":true},"display_name":{"type":"string","description":"The display name of the network link service.","description_kind":"markdown","computed":true},"id":{"type":"string","description":"The ID of the network link service, for example, `nls-a1b2c`.","description_kind":"markdown","required":true},"network":{"type":["list",["object",{"id":"string"}]],"description_kind":"plain","computed":true},"resource_name":{"type":"string","description_kind":"plain","computed":true}},"block_types":{"accept":{"nesting_mode":"list","block":{"attributes":{"environments":{"type":["set","string"],"description_kind":"plain","optional":true,"computed":true},"networks":{"type":["set","string"],"description_kind":"plain","optional":true,"computed":true}},"description_kind":"plain"},"max_items":1},"environment":{"nesting_mode":"list","block":{"attributes":{"id":{"type":"string","description_kind":"plain","required":true}},"description_kind":"plain"},"min_items":1,"max_items":1}},"description_kind":"plain"}},"confluent_organization":{"version":0,"block":{"attributes":{"id":{"type":"string","description":"The ID of the Organization (e.g., `1111aaaa-11aa-11aa-11aa-111111aaaaaa`).","description_kind":"markdown","computed":true},"resource_name":{"type":"string","description":"The Confluent Resource Name of the Organization.","description_kind":"markdown","computed":true}},"description_kind":"plain"}},"confluent_peering":{"version":0,"block":{"attributes":{"aws":{"type":["list",["object",{"account":"string","customer_region":"string","routes":["list","string"],"vpc":"string"}]],"description_kind":"plain","computed":true},"azure":{"type":["list",["object",{"customer_region":"string","tenant":"string","vnet":"string"}]],"description_kind":"plain","computed":true},"display_name":{"type":"string","description_kind":"plain","optional":true,"computed":true},"gcp":{"type":["list",["object",{"import_custom_routes":"bool","project":"string","vpc_network":"string"}]],"description_kind":"plain","computed":true},"id":{"type":"string","description":"The ID of the Peering, for example, `pla-abc123`.","description_kind":"markdown","optional":true,"computed":true},"network":{"type":["list",["object",{"id":"string"}]],"description_kind":"plain","computed":true}},"block_types":{"environment":{"nesting_mode":"list","block":{"attributes":{"id":{"type":"string","description_kind":"plain","required":true}},"description_kind":"plain"},"min_items":1,"max_items":1}},"description_kind":"plain"}},"confluent_private_link_access":{"version":0,"block":{"attributes":{"aws":{"type":["list",["object",{"account":"string"}]],"description_kind":"plain","computed":true},"azure":{"type":["list",["object",{"subscription":"string"}]],"description_kind":"plain","computed":true},"display_name":{"type":"string","description_kind":"plain","optional":true,"computed":true},"gcp":{"type":["list",["object",{"project":"string"}]],"description_kind":"plain","computed":true},"id":{"type":"string","description":"The ID of the Private Link Access, for example, `pla-abc123`.","description_kind":"markdown","optional":true,"computed":true},"network":{"type":["list",["object",{"id":"string"}]],"description_kind":"plain","computed":true}},"block_types":{"environment":{"nesting_mode":"list","block":{"attributes":{"id":{"type":"string","description_kind":"plain","required":true}},"description_kind":"plain"},"min_items":1,"max_items":1}},"description_kind":"plain"}},"confluent_private_link_attachment":{"version":0,"block":{"attributes":{"aws":{"type":["list",["object",{"vpc_endpoint_service_name":"string"}]],"description_kind":"plain","computed":true},"azure":{"type":["set",["object",{"private_link_service_alias":"string","private_link_service_resource_id":"string","zone":"string"}]],"description_kind":"plain","computed":true},"cloud":{"type":"string","description_kind":"plain","computed":true},"display_name":{"type":"string","description":"The display name of the Private Link Attachment.","description_kind":"markdown","computed":true},"dns_domain":{"type":"string","description":"The root DNS domain for the private link attachment.","description_kind":"markdown","computed":true},"gcp":{"type":["set",["object",{"private_service_connect_service_attachment":"string","zone":"string"}]],"description_kind":"plain","computed":true},"id":{"type":"string","description":"The ID of the Private Link Attachment, for example, `platt-61ovvd`.","description_kind":"markdown","required":true},"region":{"type":"string","description_kind":"plain","computed":true},"resource_name":{"type":"string","description_kind":"plain","computed":true}},"block_types":{"environment":{"nesting_mode":"list","block":{"attributes":{"id":{"type":"string","description_kind":"plain","required":true}},"description_kind":"plain"},"min_items":1,"max_items":1}},"description_kind":"plain"}},"confluent_private_link_attachment_connection":{"version":0,"block":{"attributes":{"aws":{"type":["list",["object",{"vpc_endpoint_id":"string"}]],"description_kind":"plain","computed":true},"azure":{"type":["list",["object",{"private_endpoint_resource_id":"string"}]],"description_kind":"plain","computed":true},"display_name":{"type":"string","description":"The name of the Private Link Attachment Connection.","description_kind":"markdown","computed":true},"gcp":{"type":["list",["object",{"private_service_connect_connection_id":"string"}]],"description_kind":"plain","computed":true},"id":{"type":"string","description":"The ID of the Private Link Attachment Connection, for example, `plattc-61ovvd`.","description_kind":"markdown","required":true},"private_link_attachment":{"type":["list",["object",{"id":"string"}]],"description":"The private_link_attachment to which this belongs.","description_kind":"markdown","computed":true},"resource_name":{"type":"string","description_kind":"plain","computed":true}},"block_types":{"environment":{"nesting_mode":"list","block":{"attributes":{"id":{"type":"string","description_kind":"plain","required":true}},"description_kind":"plain"},"min_items":1,"max_items":1}},"description_kind":"plain"}},"confluent_role_binding":{"version":0,"block":{"attributes":{"crn_pattern":{"type":"string","description":"A CRN that specifies the scope and resource patterns necessary for the role to bind.","description_kind":"markdown","computed":true},"id":{"type":"string","description":"The ID of the Role Binding (e.g., `rb-abc123`).","description_kind":"markdown","required":true},"principal":{"type":"string","description":"The principal User to bind the role to.","description_kind":"markdown","computed":true},"role_name":{"type":"string","description":"The name of the role to bind to the principal.","description_kind":"markdown","computed":true}},"description_kind":"plain"}},"confluent_schema":{"version":0,"block":{"attributes":{"format":{"type":"string","description":"The format of the Schema.","description_kind":"markdown","computed":true},"hard_delete":{"type":"bool","description":"Controls whether a schema should be soft or hard deleted. Set it to `true` if you want to hard delete a schema on destroy. Defaults to `false` (soft delete).","description_kind":"markdown","computed":true},"id":{"type":"string","description_kind":"plain","optional":true,"computed":true},"recreate_on_update":{"type":"bool","description":"Controls whether a schema should be recreated on update.","description_kind":"markdown","computed":true},"rest_endpoint":{"type":"string","description":"The REST endpoint of the Schema Registry cluster, for example, `https://psrc-00000.us-central1.gcp.confluent.cloud:443`).","description_kind":"markdown","optional":true},"schema":{"type":"string","description":"The definition of the Schema.","description_kind":"markdown","computed":true},"schema_identifier":{"type":"number","description":"Globally unique identifier of the Schema returned for a creation request. It should be used to retrieve this schema from the schemas resource and is different from the schema’s version which is associated with the subject.","description_kind":"markdown","required":true},"schema_reference":{"type":["list",["object",{"name":"string","subject_name":"string","version":"number"}]],"description":"The list of references to other Schemas.","description_kind":"markdown","computed":true},"subject_name":{"type":"string","description":"The name of the Schema Registry Subject.","description_kind":"markdown","required":true},"version":{"type":"number","description":"The version number of the Schema.","description_kind":"markdown","computed":true}},"block_types":{"credentials":{"nesting_mode":"list","block":{"attributes":{"key":{"type":"string","description":"The Cluster API Key for your Confluent Cloud cluster.","description_kind":"markdown","required":true,"sensitive":true},"secret":{"type":"string","description":"The Cluster API Secret for your Confluent Cloud cluster.","description_kind":"markdown","required":true,"sensitive":true}},"description":"The Cluster API Credentials.","description_kind":"markdown"},"max_items":1},"schema_registry_cluster":{"nesting_mode":"list","block":{"attributes":{"id":{"type":"string","description":"The Schema Registry cluster ID (e.g., `lsrc-abc123`).","description_kind":"markdown","required":true}},"description_kind":"plain"},"max_items":1}},"description_kind":"plain"}},"confluent_schema_registry_cluster":{"version":0,"block":{"attributes":{"api_version":{"type":"string","description":"API Version defines the schema version of this representation of a Schema Registry Cluster.","description_kind":"markdown","computed":true},"display_name":{"type":"string","description_kind":"plain","optional":true,"computed":true},"id":{"type":"string","description":"The ID of the Schema Registry cluster, for example, `lsrc-755ogo`.","description_kind":"markdown","optional":true,"computed":true},"kind":{"type":"string","description":"Kind defines the object Schema Registry Cluster represents.","description_kind":"markdown","computed":true},"package":{"type":"string","description":"The billing package.","description_kind":"markdown","computed":true},"region":{"type":["list",["object",{"id":"string"}]],"description_kind":"plain","computed":true},"resource_name":{"type":"string","description":"The Confluent Resource Name of the Schema Registry Cluster.","description_kind":"markdown","computed":true},"rest_endpoint":{"type":"string","description":"The API endpoint of the Schema Registry Cluster.","description_kind":"markdown","computed":true}},"block_types":{"environment":{"nesting_mode":"list","block":{"attributes":{"id":{"type":"string","description_kind":"plain","required":true}},"description_kind":"plain"},"min_items":1,"max_items":1}},"description_kind":"plain"}},"confluent_schema_registry_cluster_config":{"version":0,"block":{"attributes":{"compatibility_level":{"type":"string","description_kind":"plain","computed":true},"id":{"type":"string","description_kind":"plain","optional":true,"computed":true},"rest_endpoint":{"type":"string","description":"The REST endpoint of the Schema Registry cluster, for example, `https://psrc-00000.us-central1.gcp.confluent.cloud:443`).","description_kind":"markdown","optional":true}},"block_types":{"credentials":{"nesting_mode":"list","block":{"attributes":{"key":{"type":"string","description":"The Cluster API Key for your Confluent Cloud cluster.","description_kind":"markdown","required":true,"sensitive":true},"secret":{"type":"string","description":"The Cluster API Secret for your Confluent Cloud cluster.","description_kind":"markdown","required":true,"sensitive":true}},"description":"The Cluster API Credentials.","description_kind":"markdown"},"max_items":1},"schema_registry_cluster":{"nesting_mode":"list","block":{"attributes":{"id":{"type":"string","description":"The Schema Registry cluster ID (e.g., `lsrc-abc123`).","description_kind":"markdown","required":true}},"description_kind":"plain"},"max_items":1}},"description_kind":"plain"}},"confluent_schema_registry_cluster_mode":{"version":0,"block":{"attributes":{"id":{"type":"string","description_kind":"plain","optional":true,"computed":true},"mode":{"type":"string","description_kind":"plain","computed":true},"rest_endpoint":{"type":"string","description":"The REST endpoint of the Schema Registry cluster, for example, `https://psrc-00000.us-central1.gcp.confluent.cloud:443`).","description_kind":"markdown","optional":true}},"block_types":{"credentials":{"nesting_mode":"list","block":{"attributes":{"key":{"type":"string","description":"The Cluster API Key for your Confluent Cloud cluster.","description_kind":"markdown","required":true,"sensitive":true},"secret":{"type":"string","description":"The Cluster API Secret for your Confluent Cloud cluster.","description_kind":"markdown","required":true,"sensitive":true}},"description":"The Cluster API Credentials.","description_kind":"markdown"},"max_items":1},"schema_registry_cluster":{"nesting_mode":"list","block":{"attributes":{"id":{"type":"string","description":"The Schema Registry cluster ID (e.g., `lsrc-abc123`).","description_kind":"markdown","required":true}},"description_kind":"plain"},"max_items":1}},"description_kind":"plain"}},"confluent_schema_registry_clusters":{"version":0,"block":{"attributes":{"clusters":{"type":["set",["object",{"api_version":"string","display_name":"string","environment":["list",["object",{"id":"string"}]],"id":"string","kind":"string","package":"string","region":["list",["object",{"id":"string"}]],"resource_name":"string","rest_endpoint":"string"}]],"description_kind":"plain","computed":true},"id":{"type":"string","description_kind":"plain","optional":true,"computed":true}},"description_kind":"plain"}},"confluent_schema_registry_region":{"version":0,"block":{"attributes":{"cloud":{"type":"string","description_kind":"plain","required":true},"id":{"type":"string","description":"The ID of the Schema Registry Region (e.g., `sgreg-123`).","description_kind":"markdown","computed":true},"package":{"type":"string","description":"The billing package.","description_kind":"markdown","required":true},"region":{"type":"string","description_kind":"plain","required":true}},"description_kind":"plain"}},"confluent_schemas":{"version":0,"block":{"attributes":{"id":{"type":"string","description_kind":"plain","optional":true,"computed":true},"rest_endpoint":{"type":"string","description":"The REST endpoint of the Schema Registry cluster, for example, `https://psrc-00000.us-central1.gcp.confluent.cloud:443`).","description_kind":"markdown","optional":true},"schemas":{"type":["list",["object",{"format":"string","schema":"string","schema_identifier":"number","schema_reference":["list",["object",{"name":"string","subject_name":"string","version":"number"}]],"subject_name":"string","version":"number"}]],"description":"List of schemas","description_kind":"markdown","computed":true}},"block_types":{"credentials":{"nesting_mode":"list","block":{"attributes":{"key":{"type":"string","description":"The Cluster API Key for your Confluent Cloud cluster.","description_kind":"markdown","required":true,"sensitive":true},"secret":{"type":"string","description":"The Cluster API Secret for your Confluent Cloud cluster.","description_kind":"markdown","required":true,"sensitive":true}},"description":"The Cluster API Credentials.","description_kind":"markdown"},"max_items":1},"filter":{"nesting_mode":"list","block":{"attributes":{"deleted":{"type":"bool","description":"Whether to return latest schema versions only for each matching subject. Defaults to `false`.","description_kind":"markdown","optional":true},"latest_only":{"type":"bool","description":"Whether to return soft deleted schemas. Defaults to `false`.","description_kind":"markdown","optional":true},"subject_prefix":{"type":"string","description":"The prefix of the Schema Registry Subject.","description_kind":"markdown","optional":true}},"description":"Schema filters.","description_kind":"markdown"},"max_items":1},"schema_registry_cluster":{"nesting_mode":"list","block":{"attributes":{"id":{"type":"string","description":"The Schema Registry cluster ID (e.g., `lsrc-abc123`).","description_kind":"markdown","required":true}},"description_kind":"plain"},"max_items":1}},"description_kind":"plain"}},"confluent_service_account":{"version":0,"block":{"attributes":{"api_version":{"type":"string","description":"API Version defines the schema version of this representation of a Service Account.","description_kind":"markdown","computed":true},"description":{"type":"string","description":"A free-form description of the Service Account.","description_kind":"markdown","computed":true},"display_name":{"type":"string","description":"A human-readable name for the Service Account.","description_kind":"markdown","optional":true,"computed":true},"id":{"type":"string","description":"The ID of the Service Account (e.g., `sa-abc123`).","description_kind":"markdown","optional":true,"computed":true},"kind":{"type":"string","description":"Kind defines the object Service Account represents.","description_kind":"markdown","computed":true}},"description_kind":"plain"}},"confluent_subject_config":{"version":0,"block":{"attributes":{"compatibility_level":{"type":"string","description_kind":"plain","computed":true},"id":{"type":"string","description_kind":"plain","optional":true,"computed":true},"rest_endpoint":{"type":"string","description":"The REST endpoint of the Schema Registry cluster, for example, `https://psrc-00000.us-central1.gcp.confluent.cloud:443`).","description_kind":"markdown","optional":true},"subject_name":{"type":"string","description":"The name of the Schema Registry Subject.","description_kind":"markdown","required":true}},"block_types":{"credentials":{"nesting_mode":"list","block":{"attributes":{"key":{"type":"string","description":"The Cluster API Key for your Confluent Cloud cluster.","description_kind":"markdown","required":true,"sensitive":true},"secret":{"type":"string","description":"The Cluster API Secret for your Confluent Cloud cluster.","description_kind":"markdown","required":true,"sensitive":true}},"description":"The Cluster API Credentials.","description_kind":"markdown"},"max_items":1},"schema_registry_cluster":{"nesting_mode":"list","block":{"attributes":{"id":{"type":"string","description":"The Schema Registry cluster ID (e.g., `lsrc-abc123`).","description_kind":"markdown","required":true}},"description_kind":"plain"},"max_items":1}},"description_kind":"plain"}},"confluent_subject_mode":{"version":0,"block":{"attributes":{"id":{"type":"string","description_kind":"plain","optional":true,"computed":true},"mode":{"type":"string","description_kind":"plain","computed":true},"rest_endpoint":{"type":"string","description":"The REST endpoint of the Schema Registry cluster, for example, `https://psrc-00000.us-central1.gcp.confluent.cloud:443`).","description_kind":"markdown","optional":true},"subject_name":{"type":"string","description":"The name of the Schema Registry Subject.","description_kind":"markdown","required":true}},"block_types":{"credentials":{"nesting_mode":"list","block":{"attributes":{"key":{"type":"string","description":"The Cluster API Key for your Confluent Cloud cluster.","description_kind":"markdown","required":true,"sensitive":true},"secret":{"type":"string","description":"The Cluster API Secret for your Confluent Cloud cluster.","description_kind":"markdown","required":true,"sensitive":true}},"description":"The Cluster API Credentials.","description_kind":"markdown"},"max_items":1},"schema_registry_cluster":{"nesting_mode":"list","block":{"attributes":{"id":{"type":"string","description":"The Schema Registry cluster ID (e.g., `lsrc-abc123`).","description_kind":"markdown","required":true}},"description_kind":"plain"},"max_items":1}},"description_kind":"plain"}},"confluent_tag":{"version":0,"block":{"attributes":{"description":{"type":"string","description":"The description of the tag to be created.","description_kind":"markdown","computed":true},"entity_types":{"type":["set","string"],"description":"The entity types of the tag to be created.","description_kind":"markdown","computed":true},"id":{"type":"string","description":"The id of the tag to be created.","description_kind":"markdown","computed":true},"name":{"type":"string","description":"The name of the tag to be created.","description_kind":"markdown","required":true},"rest_endpoint":{"type":"string","description":"The REST endpoint of the Schema Registry cluster, for example, `https://psrc-00000.us-central1.gcp.confluent.cloud:443`).","description_kind":"markdown","optional":true},"version":{"type":"number","description":"The version.","description_kind":"markdown","computed":true}},"block_types":{"credentials":{"nesting_mode":"list","block":{"attributes":{"key":{"type":"string","description":"The Cluster API Key for your Confluent Cloud cluster.","description_kind":"markdown","required":true,"sensitive":true},"secret":{"type":"string","description":"The Cluster API Secret for your Confluent Cloud cluster.","description_kind":"markdown","required":true,"sensitive":true}},"description":"The Cluster API Credentials.","description_kind":"markdown"},"max_items":1},"schema_registry_cluster":{"nesting_mode":"list","block":{"attributes":{"id":{"type":"string","description":"The Schema Registry cluster ID (e.g., `lsrc-abc123`).","description_kind":"markdown","required":true}},"description_kind":"plain"},"max_items":1}},"description_kind":"plain"}},"confluent_tag_binding":{"version":0,"block":{"attributes":{"entity_name":{"type":"string","description":"The qualified name of the entity.","description_kind":"markdown","required":true},"entity_type":{"type":"string","description":"The entity type.","description_kind":"markdown","required":true},"id":{"type":"string","description":"The id of the tag binding to be created.","description_kind":"markdown","computed":true},"rest_endpoint":{"type":"string","description":"The REST endpoint of the Schema Registry cluster, for example, `https://psrc-00000.us-central1.gcp.confluent.cloud:443`).","description_kind":"markdown","optional":true},"tag_name":{"type":"string","description":"The name of the tag to be applied.","description_kind":"markdown","required":true}},"block_types":{"credentials":{"nesting_mode":"list","block":{"attributes":{"key":{"type":"string","description":"The Cluster API Key for your Confluent Cloud cluster.","description_kind":"markdown","required":true,"sensitive":true},"secret":{"type":"string","description":"The Cluster API Secret for your Confluent Cloud cluster.","description_kind":"markdown","required":true,"sensitive":true}},"description":"The Cluster API Credentials.","description_kind":"markdown"},"max_items":1},"schema_registry_cluster":{"nesting_mode":"list","block":{"attributes":{"id":{"type":"string","description":"The Schema Registry cluster ID (e.g., `lsrc-abc123`).","description_kind":"markdown","required":true}},"description_kind":"plain"},"max_items":1}},"description_kind":"plain"}},"confluent_transit_gateway_attachment":{"version":0,"block":{"attributes":{"aws":{"type":["list",["object",{"ram_resource_share_arn":"string","routes":["list","string"],"transit_gateway_attachment_id":"string","transit_gateway_id":"string"}]],"description_kind":"plain","computed":true},"display_name":{"type":"string","description_kind":"plain","optional":true,"computed":true},"id":{"type":"string","description":"The ID of the TransitGatewayAttachment, for example, `pla-abc123`.","description_kind":"markdown","optional":true,"computed":true},"network":{"type":["list",["object",{"id":"string"}]],"description_kind":"plain","computed":true}},"block_types":{"environment":{"nesting_mode":"list","block":{"attributes":{"id":{"type":"string","description_kind":"plain","required":true}},"description_kind":"plain"},"min_items":1,"max_items":1}},"description_kind":"plain"}},"confluent_user":{"version":0,"block":{"attributes":{"api_version":{"type":"string","description":"API Version defines the schema version of this representation of a User.","description_kind":"markdown","computed":true},"email":{"type":"string","description":"The email address of the User.","description_kind":"markdown","optional":true,"computed":true},"full_name":{"type":"string","description":"The full name of the User.","description_kind":"markdown","optional":true,"computed":true},"id":{"type":"string","description":"The ID of the User (e.g., `u-abc123`).","description_kind":"markdown","optional":true,"computed":true},"kind":{"type":"string","description":"Kind defines the object User represents.","description_kind":"markdown","computed":true}},"description_kind":"plain"}},"confluent_users":{"version":0,"block":{"attributes":{"id":{"type":"string","description_kind":"plain","optional":true,"computed":true},"ids":{"type":["list","string"],"description":"List of users","description_kind":"markdown","computed":true}},"description_kind":"plain"}}}}}}
